// !$*UTF8*$!
{
	archiveVersion = 1;
	classes = {
	};
	objectVersion = 56;
	objects = {

/* Begin PBXBuildFile section */
		6F2218442C5CA75D0012DCE2 /* AppCoordinator_Tests.swift in Sources */ = {isa = PBXBuildFile; fileRef = 6F2218432C5CA75D0012DCE2 /* AppCoordinator_Tests.swift */; };
		6F2218462C5CAAA80012DCE2 /* FirstTabCoordinator_Tests.swift in Sources */ = {isa = PBXBuildFile; fileRef = 6F2218452C5CAAA80012DCE2 /* FirstTabCoordinator_Tests.swift */; };
		6F22185A2C5FD8080012DCE2 /* NavigationManagerSpy.swift in Sources */ = {isa = PBXBuildFile; fileRef = 6F2218592C5FD8080012DCE2 /* NavigationManagerSpy.swift */; };
		6F22185C2C5FD8160012DCE2 /* TabBarManagerSpy.swift in Sources */ = {isa = PBXBuildFile; fileRef = 6F22185B2C5FD8160012DCE2 /* TabBarManagerSpy.swift */; };
		6F22185E2C5FD8260012DCE2 /* FirstTabCoordinatorAssemblyStub.swift in Sources */ = {isa = PBXBuildFile; fileRef = 6F22185D2C5FD8260012DCE2 /* FirstTabCoordinatorAssemblyStub.swift */; };
		6F2218602C5FDC730012DCE2 /* FirstTabCoordinatorAssembly_Tests.swift in Sources */ = {isa = PBXBuildFile; fileRef = 6F22185F2C5FDC730012DCE2 /* FirstTabCoordinatorAssembly_Tests.swift */; };
		6F2218622C5FDCE40012DCE2 /* FirstTabCoordinatorStub.swift in Sources */ = {isa = PBXBuildFile; fileRef = 6F2218612C5FDCE40012DCE2 /* FirstTabCoordinatorStub.swift */; };
		6F2218652C5FE5B30012DCE2 /* FirstFlowCoordinator_Tests.swift in Sources */ = {isa = PBXBuildFile; fileRef = 6F2218642C5FE5B30012DCE2 /* FirstFlowCoordinator_Tests.swift */; };
		6F68C5022C3BAE3F00219D8D /* Binding+AnyHashable.swift in Sources */ = {isa = PBXBuildFile; fileRef = 6F68C5012C3BAE3F00219D8D /* Binding+AnyHashable.swift */; };
		6F68C5052C3BAEFC00219D8D /* View+Sheet.swift in Sources */ = {isa = PBXBuildFile; fileRef = 6F68C5042C3BAEFC00219D8D /* View+Sheet.swift */; };
		6F68C5072C3BB07E00219D8D /* FirstFlowSheetCoordinatorAssembly.swift in Sources */ = {isa = PBXBuildFile; fileRef = 6F68C5062C3BB07E00219D8D /* FirstFlowSheetCoordinatorAssembly.swift */; };
		6F68C5092C3BB09F00219D8D /* FirstFlowSheetCoordinator.swift in Sources */ = {isa = PBXBuildFile; fileRef = 6F68C5082C3BB09F00219D8D /* FirstFlowSheetCoordinator.swift */; };
		6F68C5132C3C6BD900219D8D /* SecondFlowViewIntOutput.swift in Sources */ = {isa = PBXBuildFile; fileRef = 6F68C5122C3C6BD900219D8D /* SecondFlowViewIntOutput.swift */; };
		6F68C5152C3C6BF800219D8D /* SecondFlowViewDoubleOutput.swift in Sources */ = {isa = PBXBuildFile; fileRef = 6F68C5142C3C6BF800219D8D /* SecondFlowViewDoubleOutput.swift */; };
		6F68C5172C3C6C0E00219D8D /* SecondFlowViewStringOutput.swift in Sources */ = {isa = PBXBuildFile; fileRef = 6F68C5162C3C6C0E00219D8D /* SecondFlowViewStringOutput.swift */; };
		6F68C51A2C3C72C300219D8D /* SecondFlowSheetCoordinator.swift in Sources */ = {isa = PBXBuildFile; fileRef = 6F68C5192C3C72C300219D8D /* SecondFlowSheetCoordinator.swift */; };
		6F68C51C2C3C72DC00219D8D /* SecondFlowSheetCoordinatorAssembly.swift in Sources */ = {isa = PBXBuildFile; fileRef = 6F68C51B2C3C72DC00219D8D /* SecondFlowSheetCoordinatorAssembly.swift */; };
		6F68C5262C49562500219D8D /* FirstSheet.swift in Sources */ = {isa = PBXBuildFile; fileRef = 6F68C5252C49562500219D8D /* FirstSheet.swift */; };
		6F68C5282C49562F00219D8D /* SecondSheet.swift in Sources */ = {isa = PBXBuildFile; fileRef = 6F68C5272C49562F00219D8D /* SecondSheet.swift */; };
		6F68C52D2C4956B100219D8D /* FirstSheetPresenter.swift in Sources */ = {isa = PBXBuildFile; fileRef = 6F68C52C2C4956B100219D8D /* FirstSheetPresenter.swift */; };
		6F68C52F2C4956C000219D8D /* FirstSheetInteractor.swift in Sources */ = {isa = PBXBuildFile; fileRef = 6F68C52E2C4956C000219D8D /* FirstSheetInteractor.swift */; };
		6F68C5312C4956CE00219D8D /* FirstSheetModel.swift in Sources */ = {isa = PBXBuildFile; fileRef = 6F68C5302C4956CE00219D8D /* FirstSheetModel.swift */; };
		6F68C5332C4956DA00219D8D /* FirstSheetAssembly.swift in Sources */ = {isa = PBXBuildFile; fileRef = 6F68C5322C4956DA00219D8D /* FirstSheetAssembly.swift */; };
		6F68C5392C496FE100219D8D /* SecondSheetPresenter.swift in Sources */ = {isa = PBXBuildFile; fileRef = 6F68C5382C496FE100219D8D /* SecondSheetPresenter.swift */; };
		6F68C53B2C496FED00219D8D /* SecondSheetInteractor.swift in Sources */ = {isa = PBXBuildFile; fileRef = 6F68C53A2C496FED00219D8D /* SecondSheetInteractor.swift */; };
		6F68C53D2C496FFA00219D8D /* SecondSheetModel.swift in Sources */ = {isa = PBXBuildFile; fileRef = 6F68C53C2C496FFA00219D8D /* SecondSheetModel.swift */; };
		6F68C53F2C49700E00219D8D /* SecondSheetAssembly.swift in Sources */ = {isa = PBXBuildFile; fileRef = 6F68C53E2C49700E00219D8D /* SecondSheetAssembly.swift */; };
		6F68C5612C4A5A6700219D8D /* Loader.swift in Sources */ = {isa = PBXBuildFile; fileRef = 6F68C5602C4A5A6700219D8D /* Loader.swift */; };
		6F68C5642C4A5ACC00219D8D /* LoaderPresenter.swift in Sources */ = {isa = PBXBuildFile; fileRef = 6F68C5632C4A5ACC00219D8D /* LoaderPresenter.swift */; };
		6F68C5662C4A5ADA00219D8D /* LoaderInteractor.swift in Sources */ = {isa = PBXBuildFile; fileRef = 6F68C5652C4A5ADA00219D8D /* LoaderInteractor.swift */; };
		6F68C5682C4A5AEA00219D8D /* LoaderModel.swift in Sources */ = {isa = PBXBuildFile; fileRef = 6F68C5672C4A5AEA00219D8D /* LoaderModel.swift */; };
		6F68C56A2C4A5AF400219D8D /* LoaderAssembly.swift in Sources */ = {isa = PBXBuildFile; fileRef = 6F68C5692C4A5AF400219D8D /* LoaderAssembly.swift */; };
		6F68C56D2C4A5F1200219D8D /* FirstFlowFullScreenCoverCoordinator.swift in Sources */ = {isa = PBXBuildFile; fileRef = 6F68C56C2C4A5F1200219D8D /* FirstFlowFullScreenCoverCoordinator.swift */; };
		6F68C56F2C4A5F1C00219D8D /* FirstFlowFullScreenCoverAssembly.swift in Sources */ = {isa = PBXBuildFile; fileRef = 6F68C56E2C4A5F1C00219D8D /* FirstFlowFullScreenCoverAssembly.swift */; };
		6F68C5722C4A677500219D8D /* View+FullScreenCover.swift in Sources */ = {isa = PBXBuildFile; fileRef = 6F68C5712C4A677500219D8D /* View+FullScreenCover.swift */; };
		6F68C5742C4A768400219D8D /* View+FirstAppear.swift in Sources */ = {isa = PBXBuildFile; fileRef = 6F68C5732C4A768400219D8D /* View+FirstAppear.swift */; };
		6F68C5812C4CF3B500219D8D /* PublishedObject.swift in Sources */ = {isa = PBXBuildFile; fileRef = 6F68C5802C4CF3B500219D8D /* PublishedObject.swift */; };
		6F68C5852C4CFE5400219D8D /* NavigationManager.swift in Sources */ = {isa = PBXBuildFile; fileRef = 6F68C5842C4CFE5400219D8D /* NavigationManager.swift */; };
		6F68C5872C4E224E00219D8D /* FirstTabOutput.swift in Sources */ = {isa = PBXBuildFile; fileRef = 6F68C5862C4E224E00219D8D /* FirstTabOutput.swift */; };
		6F68C5892C50224500219D8D /* AppCoordinatorAssembly.swift in Sources */ = {isa = PBXBuildFile; fileRef = 6F68C5882C50224500219D8D /* AppCoordinatorAssembly.swift */; };
		6F79AF8E2C61DB5900C3A79F /* ThirdFlowCoordinatorAssembly.swift in Sources */ = {isa = PBXBuildFile; fileRef = 6F79AF8D2C61DB5900C3A79F /* ThirdFlowCoordinatorAssembly.swift */; };
		6F79AF902C61DBD500C3A79F /* ThirdFlowViewIntOutput.swift in Sources */ = {isa = PBXBuildFile; fileRef = 6F79AF8F2C61DBD500C3A79F /* ThirdFlowViewIntOutput.swift */; };
		6F79AF922C61DBEB00C3A79F /* ThirdFlowViewDoubleOutput.swift in Sources */ = {isa = PBXBuildFile; fileRef = 6F79AF912C61DBEB00C3A79F /* ThirdFlowViewDoubleOutput.swift */; };
		6F79AF942C61DC0600C3A79F /* ThirdFlowViewStringOutput.swift in Sources */ = {isa = PBXBuildFile; fileRef = 6F79AF932C61DC0600C3A79F /* ThirdFlowViewStringOutput.swift */; };
		6F79AF982C61F05200C3A79F /* SecondTabCoordinator.swift in Sources */ = {isa = PBXBuildFile; fileRef = 6F79AF972C61F05200C3A79F /* SecondTabCoordinator.swift */; };
		6F79AF9A2C61F05F00C3A79F /* SecondTabCoordinatorAssembly.swift in Sources */ = {isa = PBXBuildFile; fileRef = 6F79AF992C61F05F00C3A79F /* SecondTabCoordinatorAssembly.swift */; };
		6F79AF9C2C61F08200C3A79F /* SecondTabNavigationView.swift in Sources */ = {isa = PBXBuildFile; fileRef = 6F79AF9B2C61F08200C3A79F /* SecondTabNavigationView.swift */; };
		6F79AF9F2C61F09C00C3A79F /* ThirdTabCoordinator.swift in Sources */ = {isa = PBXBuildFile; fileRef = 6F79AF9E2C61F09C00C3A79F /* ThirdTabCoordinator.swift */; };
		6F79AFA12C61F0AB00C3A79F /* ThirdTabCoordinatorAssembly.swift in Sources */ = {isa = PBXBuildFile; fileRef = 6F79AFA02C61F0AB00C3A79F /* ThirdTabCoordinatorAssembly.swift */; };
		6F79AFA32C61F0BA00C3A79F /* ThirdTabCoordinatorView.swift in Sources */ = {isa = PBXBuildFile; fileRef = 6F79AFA22C61F0BA00C3A79F /* ThirdTabCoordinatorView.swift */; };
		6F79AFA62C632EBE00C3A79F /* SecondTabView.swift in Sources */ = {isa = PBXBuildFile; fileRef = 6F79AFA52C632EBE00C3A79F /* SecondTabView.swift */; };
		6F79AFA92C632EDB00C3A79F /* SecondTabViewAssembly.swift in Sources */ = {isa = PBXBuildFile; fileRef = 6F79AFA82C632EDB00C3A79F /* SecondTabViewAssembly.swift */; };
		6F79AFAB2C632EED00C3A79F /* SecondTabViewInteractor.swift in Sources */ = {isa = PBXBuildFile; fileRef = 6F79AFAA2C632EED00C3A79F /* SecondTabViewInteractor.swift */; };
		6F79AFAD2C632EF800C3A79F /* SecondTabViewModel.swift in Sources */ = {isa = PBXBuildFile; fileRef = 6F79AFAC2C632EF800C3A79F /* SecondTabViewModel.swift */; };
		6F79AFAF2C632F0500C3A79F /* ISecondTabViewOutput.swift in Sources */ = {isa = PBXBuildFile; fileRef = 6F79AFAE2C632F0500C3A79F /* ISecondTabViewOutput.swift */; };
		6F79AFB12C63309E00C3A79F /* SecondTabOutput.swift in Sources */ = {isa = PBXBuildFile; fileRef = 6F79AFB02C63309E00C3A79F /* SecondTabOutput.swift */; };
		6F79AFB42C6330FF00C3A79F /* ThirdTabView.swift in Sources */ = {isa = PBXBuildFile; fileRef = 6F79AFB32C6330FF00C3A79F /* ThirdTabView.swift */; };
		6F79AFB72C63312500C3A79F /* ThirdTabViewAssembly.swift in Sources */ = {isa = PBXBuildFile; fileRef = 6F79AFB62C63312500C3A79F /* ThirdTabViewAssembly.swift */; };
		6F79AFB92C63313700C3A79F /* ThirdTabViewInteractor.swift in Sources */ = {isa = PBXBuildFile; fileRef = 6F79AFB82C63313700C3A79F /* ThirdTabViewInteractor.swift */; };
		6F79AFBB2C63314A00C3A79F /* ThirdTabViewModel.swift in Sources */ = {isa = PBXBuildFile; fileRef = 6F79AFBA2C63314A00C3A79F /* ThirdTabViewModel.swift */; };
		6F79AFBD2C63316800C3A79F /* IThirdTabViewOutput.swift in Sources */ = {isa = PBXBuildFile; fileRef = 6F79AFBC2C63316800C3A79F /* IThirdTabViewOutput.swift */; };
		6F79AFBF2C6334CA00C3A79F /* ThirdTabOutput.swift in Sources */ = {isa = PBXBuildFile; fileRef = 6F79AFBE2C6334CA00C3A79F /* ThirdTabOutput.swift */; };
		6F79AFC12C64853400C3A79F /* DeeplinkCoordinatorAssembly.swift in Sources */ = {isa = PBXBuildFile; fileRef = 6F79AFC02C64853400C3A79F /* DeeplinkCoordinatorAssembly.swift */; };
		6F79AFD32C67650500C3A79F /* SecondTabDeeplinkHandlersAssembly.swift in Sources */ = {isa = PBXBuildFile; fileRef = 6F79AFD22C67650500C3A79F /* SecondTabDeeplinkHandlersAssembly.swift */; };
		6F79AFD52C6B29D600C3A79F /* Deeplink.swift in Sources */ = {isa = PBXBuildFile; fileRef = 6F79AFD42C6B29D600C3A79F /* Deeplink.swift */; };
		6F79AFD72C6B2A2600C3A79F /* ViewIntHandlerFactory.swift in Sources */ = {isa = PBXBuildFile; fileRef = 6F79AFD62C6B2A2600C3A79F /* ViewIntHandlerFactory.swift */; };
		6F79AFDA2C6B2A7300C3A79F /* ViewIntDeeplinkMapper.swift in Sources */ = {isa = PBXBuildFile; fileRef = 6F79AFD92C6B2A7300C3A79F /* ViewIntDeeplinkMapper.swift */; };
		6F79AFDE2C6DC55200C3A79F /* IDeeplinkMapper.swift in Sources */ = {isa = PBXBuildFile; fileRef = 6F79AFDD2C6DC55200C3A79F /* IDeeplinkMapper.swift */; };
		6F79AFE22C70BE3900C3A79F /* ViewIntHandlerFactory_Tests.swift in Sources */ = {isa = PBXBuildFile; fileRef = 6F79AFE12C70BE3900C3A79F /* ViewIntHandlerFactory_Tests.swift */; };
		6F9A46A82C2D272E009983A3 /* NavigationStackCoordinatorApp.swift in Sources */ = {isa = PBXBuildFile; fileRef = 6F9A46A72C2D272E009983A3 /* NavigationStackCoordinatorApp.swift */; };
		6F9A46AC2C2D272F009983A3 /* Assets.xcassets in Resources */ = {isa = PBXBuildFile; fileRef = 6F9A46AB2C2D272F009983A3 /* Assets.xcassets */; };
		6F9A46B02C2D272F009983A3 /* Preview Assets.xcassets in Resources */ = {isa = PBXBuildFile; fileRef = 6F9A46AF2C2D272F009983A3 /* Preview Assets.xcassets */; };
		6F9A46B72C2D27BA009983A3 /* PathManager.swift in Sources */ = {isa = PBXBuildFile; fileRef = 6F9A46B62C2D27BA009983A3 /* PathManager.swift */; };
		6F9A46CA2C2D2F3D009983A3 /* IViewDoubleOutput.swift in Sources */ = {isa = PBXBuildFile; fileRef = 6F9A46B82C2D2F3D009983A3 /* IViewDoubleOutput.swift */; };
		6F9A46CB2C2D2F3D009983A3 /* ViewDouble.swift in Sources */ = {isa = PBXBuildFile; fileRef = 6F9A46B92C2D2F3D009983A3 /* ViewDouble.swift */; };
		6F9A46CC2C2D2F3D009983A3 /* ViewDoubleAssembly.swift in Sources */ = {isa = PBXBuildFile; fileRef = 6F9A46BA2C2D2F3D009983A3 /* ViewDoubleAssembly.swift */; };
		6F9A46CD2C2D2F3D009983A3 /* ViewDoubleInteractor.swift in Sources */ = {isa = PBXBuildFile; fileRef = 6F9A46BB2C2D2F3D009983A3 /* ViewDoubleInteractor.swift */; };
		6F9A46CE2C2D2F3D009983A3 /* ViewDoubleModel.swift in Sources */ = {isa = PBXBuildFile; fileRef = 6F9A46BC2C2D2F3D009983A3 /* ViewDoubleModel.swift */; };
		6F9A46CF2C2D2F3D009983A3 /* IViewIntOutput.swift in Sources */ = {isa = PBXBuildFile; fileRef = 6F9A46BE2C2D2F3D009983A3 /* IViewIntOutput.swift */; };
		6F9A46D02C2D2F3D009983A3 /* ViewInt.swift in Sources */ = {isa = PBXBuildFile; fileRef = 6F9A46BF2C2D2F3D009983A3 /* ViewInt.swift */; };
		6F9A46D12C2D2F3D009983A3 /* ViewIntAssembly.swift in Sources */ = {isa = PBXBuildFile; fileRef = 6F9A46C02C2D2F3D009983A3 /* ViewIntAssembly.swift */; };
		6F9A46D22C2D2F3D009983A3 /* ViewIntInteractor.swift in Sources */ = {isa = PBXBuildFile; fileRef = 6F9A46C12C2D2F3D009983A3 /* ViewIntInteractor.swift */; };
		6F9A46D32C2D2F3D009983A3 /* ViewIntModel.swift in Sources */ = {isa = PBXBuildFile; fileRef = 6F9A46C22C2D2F3D009983A3 /* ViewIntModel.swift */; };
		6F9A46D42C2D2F3D009983A3 /* IViewStringOutput.swift in Sources */ = {isa = PBXBuildFile; fileRef = 6F9A46C42C2D2F3D009983A3 /* IViewStringOutput.swift */; };
		6F9A46D52C2D2F3D009983A3 /* ViewString.swift in Sources */ = {isa = PBXBuildFile; fileRef = 6F9A46C52C2D2F3D009983A3 /* ViewString.swift */; };
		6F9A46D62C2D2F3D009983A3 /* ViewStringAssembly.swift in Sources */ = {isa = PBXBuildFile; fileRef = 6F9A46C62C2D2F3D009983A3 /* ViewStringAssembly.swift */; };
		6F9A46D72C2D2F3D009983A3 /* ViewStringInteractor.swift in Sources */ = {isa = PBXBuildFile; fileRef = 6F9A46C72C2D2F3D009983A3 /* ViewStringInteractor.swift */; };
		6F9A46D82C2D2F3D009983A3 /* ViewStringModel.swift in Sources */ = {isa = PBXBuildFile; fileRef = 6F9A46C82C2D2F3D009983A3 /* ViewStringModel.swift */; };
		6F9A46E12C2D2F71009983A3 /* CustomNavigationBarContainerView.swift in Sources */ = {isa = PBXBuildFile; fileRef = 6F9A46D92C2D2F71009983A3 /* CustomNavigationBarContainerView.swift */; };
		6F9A46E22C2D2F71009983A3 /* CustomNavigationBarView.swift in Sources */ = {isa = PBXBuildFile; fileRef = 6F9A46DA2C2D2F71009983A3 /* CustomNavigationBarView.swift */; };
		6F9A46E32C2D2F71009983A3 /* TabBarItemView.swift in Sources */ = {isa = PBXBuildFile; fileRef = 6F9A46DC2C2D2F71009983A3 /* TabBarItemView.swift */; };
		6F9A46E42C2D2F71009983A3 /* TabBarView.swift in Sources */ = {isa = PBXBuildFile; fileRef = 6F9A46DD2C2D2F71009983A3 /* TabBarView.swift */; };
		6F9A46E52C2D2F71009983A3 /* TabItem.swift in Sources */ = {isa = PBXBuildFile; fileRef = 6F9A46DE2C2D2F71009983A3 /* TabItem.swift */; };
		6F9A46E62C2D2F71009983A3 /* TabItemPreferenceKey.swift in Sources */ = {isa = PBXBuildFile; fileRef = 6F9A46DF2C2D2F71009983A3 /* TabItemPreferenceKey.swift */; };
		6F9A46E82C2D2FA5009983A3 /* MainView.swift in Sources */ = {isa = PBXBuildFile; fileRef = 6F9A46E72C2D2FA5009983A3 /* MainView.swift */; };
		6F9A46EA2C2D302D009983A3 /* FirstFlowCoordinator.swift in Sources */ = {isa = PBXBuildFile; fileRef = 6F9A46E92C2D302D009983A3 /* FirstFlowCoordinator.swift */; };
		6F9A46ED2C2D30E1009983A3 /* AppCoordinator.swift in Sources */ = {isa = PBXBuildFile; fileRef = 6F9A46EC2C2D30E1009983A3 /* AppCoordinator.swift */; };
		6F9A46F42C2DD6F1009983A3 /* FirstTabView.swift in Sources */ = {isa = PBXBuildFile; fileRef = 6F9A46EE2C2DD6F1009983A3 /* FirstTabView.swift */; };
		6F9A46F52C2DD6F1009983A3 /* FirstTabViewAssembly.swift in Sources */ = {isa = PBXBuildFile; fileRef = 6F9A46EF2C2DD6F1009983A3 /* FirstTabViewAssembly.swift */; };
		6F9A46F62C2DD6F1009983A3 /* FirstTabViewInteractor.swift in Sources */ = {isa = PBXBuildFile; fileRef = 6F9A46F02C2DD6F1009983A3 /* FirstTabViewInteractor.swift */; };
		6F9A46F72C2DD6F1009983A3 /* FirstTabViewModel.swift in Sources */ = {isa = PBXBuildFile; fileRef = 6F9A46F12C2DD6F1009983A3 /* FirstTabViewModel.swift */; };
		6F9A46F82C2DD6F1009983A3 /* IFirstTabViewOutput.swift in Sources */ = {isa = PBXBuildFile; fileRef = 6F9A46F22C2DD6F1009983A3 /* IFirstTabViewOutput.swift */; };
		6F9A46FA2C2DD86B009983A3 /* SecondFlowCoordinator.swift in Sources */ = {isa = PBXBuildFile; fileRef = 6F9A46F92C2DD86B009983A3 /* SecondFlowCoordinator.swift */; };
		6F9A46FC2C2DE072009983A3 /* ThirdFlowCoordinator.swift in Sources */ = {isa = PBXBuildFile; fileRef = 6F9A46FB2C2DE072009983A3 /* ThirdFlowCoordinator.swift */; };
		6F9A46FE2C2F00DE009983A3 /* FirstFlowViewIntOutput.swift in Sources */ = {isa = PBXBuildFile; fileRef = 6F9A46FD2C2F00DE009983A3 /* FirstFlowViewIntOutput.swift */; };
		6F9A47002C2F0117009983A3 /* FirstFlowViewDoubleOutput.swift in Sources */ = {isa = PBXBuildFile; fileRef = 6F9A46FF2C2F0117009983A3 /* FirstFlowViewDoubleOutput.swift */; };
		6F9A47022C2F0125009983A3 /* FirstFlowViewStringOutput.swift in Sources */ = {isa = PBXBuildFile; fileRef = 6F9A47012C2F0125009983A3 /* FirstFlowViewStringOutput.swift */; };
		6F9A47082C2F031B009983A3 /* FirstFlowCoordinatorAssembly.swift in Sources */ = {isa = PBXBuildFile; fileRef = 6F9A47072C2F031B009983A3 /* FirstFlowCoordinatorAssembly.swift */; };
		6F9A470D2C315C73009983A3 /* FirstTabCoordinator.swift in Sources */ = {isa = PBXBuildFile; fileRef = 6F9A470C2C315C73009983A3 /* FirstTabCoordinator.swift */; };
		6F9A47102C315CE7009983A3 /* FirstTabCoordinatorAssembly.swift in Sources */ = {isa = PBXBuildFile; fileRef = 6F9A470F2C315CE7009983A3 /* FirstTabCoordinatorAssembly.swift */; };
		6F9A47132C3166B1009983A3 /* MainContainer.swift in Sources */ = {isa = PBXBuildFile; fileRef = 6F9A47122C3166B1009983A3 /* MainContainer.swift */; };
		6F9A47152C3166DE009983A3 /* FirstTabNavigationView.swift in Sources */ = {isa = PBXBuildFile; fileRef = 6F9A47142C3166DE009983A3 /* FirstTabNavigationView.swift */; };
		6F9A47182C33B8A5009983A3 /* DeeplinkCoordinator.swift in Sources */ = {isa = PBXBuildFile; fileRef = 6F9A47172C33B8A5009983A3 /* DeeplinkCoordinator.swift */; };
		6F9A471E2C33BE61009983A3 /* ViewIntHandler.swift in Sources */ = {isa = PBXBuildFile; fileRef = 6F9A471D2C33BE61009983A3 /* ViewIntHandler.swift */; };
		6F9A47252C33C50C009983A3 /* FirstTabDeeplinkHandlersFactory.swift in Sources */ = {isa = PBXBuildFile; fileRef = 6F9A47242C33C50C009983A3 /* FirstTabDeeplinkHandlersFactory.swift */; };
		6F9A47272C33C9ED009983A3 /* TabBarManager.swift in Sources */ = {isa = PBXBuildFile; fileRef = 6F9A47262C33C9ED009983A3 /* TabBarManager.swift */; };
		6F9A472B2C359BEB009983A3 /* ViewIntPresenter.swift in Sources */ = {isa = PBXBuildFile; fileRef = 6F9A472A2C359BEB009983A3 /* ViewIntPresenter.swift */; };
		6F9A472D2C35A690009983A3 /* PresentationScene.swift in Sources */ = {isa = PBXBuildFile; fileRef = 6F9A472C2C35A690009983A3 /* PresentationScene.swift */; };
		6F9A47312C37A120009983A3 /* SecondFlowCoordinatorAssembly.swift in Sources */ = {isa = PBXBuildFile; fileRef = 6F9A47302C37A120009983A3 /* SecondFlowCoordinatorAssembly.swift */; };
		6FE76BA12C70CA4B0096541B /* ViewIntDeeplinkMapperDummy.swift in Sources */ = {isa = PBXBuildFile; fileRef = 6FE76BA02C70CA4B0096541B /* ViewIntDeeplinkMapperDummy.swift */; };
		6FE76BA32C70CB4E0096541B /* ViewIntDeeplinkHandler_Tests.swift in Sources */ = {isa = PBXBuildFile; fileRef = 6FE76BA22C70CB4E0096541B /* ViewIntDeeplinkHandler_Tests.swift */; };
		6FE76BA52C70CD020096541B /* FirstTabViewIntDeeplinkMapperMock.swift in Sources */ = {isa = PBXBuildFile; fileRef = 6FE76BA42C70CD020096541B /* FirstTabViewIntDeeplinkMapperMock.swift */; };
		6FE76BA72C70CD180096541B /* SecondTabViewIntDeeplinkMapperMock.swift in Sources */ = {isa = PBXBuildFile; fileRef = 6FE76BA62C70CD180096541B /* SecondTabViewIntDeeplinkMapperMock.swift */; };
		6FF9455B2C8470E100FB1DF1 /* UMLDiagram.md in Resources */ = {isa = PBXBuildFile; fileRef = 6FF9455A2C8470E100FB1DF1 /* UMLDiagram.md */; };
/* End PBXBuildFile section */

/* Begin PBXContainerItemProxy section */
		6F22183E2C5CA57C0012DCE2 /* PBXContainerItemProxy */ = {
			isa = PBXContainerItemProxy;
			containerPortal = 6F9A469C2C2D272E009983A3 /* Project object */;
			proxyType = 1;
			remoteGlobalIDString = 6F9A46A32C2D272E009983A3;
			remoteInfo = NavigationStackCoordinator;
		};
/* End PBXContainerItemProxy section */

/* Begin PBXFileReference section */
		6F22183A2C5CA57C0012DCE2 /* NavigationStackCoordinator_Tests.xctest */ = {isa = PBXFileReference; explicitFileType = wrapper.cfbundle; includeInIndex = 0; path = NavigationStackCoordinator_Tests.xctest; sourceTree = BUILT_PRODUCTS_DIR; };
		6F2218432C5CA75D0012DCE2 /* AppCoordinator_Tests.swift */ = {isa = PBXFileReference; lastKnownFileType = sourcecode.swift; path = AppCoordinator_Tests.swift; sourceTree = "<group>"; };
		6F2218452C5CAAA80012DCE2 /* FirstTabCoordinator_Tests.swift */ = {isa = PBXFileReference; lastKnownFileType = sourcecode.swift; path = FirstTabCoordinator_Tests.swift; sourceTree = "<group>"; };
		6F2218592C5FD8080012DCE2 /* NavigationManagerSpy.swift */ = {isa = PBXFileReference; lastKnownFileType = sourcecode.swift; path = NavigationManagerSpy.swift; sourceTree = "<group>"; };
		6F22185B2C5FD8160012DCE2 /* TabBarManagerSpy.swift */ = {isa = PBXFileReference; lastKnownFileType = sourcecode.swift; path = TabBarManagerSpy.swift; sourceTree = "<group>"; };
		6F22185D2C5FD8260012DCE2 /* FirstTabCoordinatorAssemblyStub.swift */ = {isa = PBXFileReference; lastKnownFileType = sourcecode.swift; path = FirstTabCoordinatorAssemblyStub.swift; sourceTree = "<group>"; };
		6F22185F2C5FDC730012DCE2 /* FirstTabCoordinatorAssembly_Tests.swift */ = {isa = PBXFileReference; lastKnownFileType = sourcecode.swift; path = FirstTabCoordinatorAssembly_Tests.swift; sourceTree = "<group>"; };
		6F2218612C5FDCE40012DCE2 /* FirstTabCoordinatorStub.swift */ = {isa = PBXFileReference; lastKnownFileType = sourcecode.swift; path = FirstTabCoordinatorStub.swift; sourceTree = "<group>"; };
		6F2218642C5FE5B30012DCE2 /* FirstFlowCoordinator_Tests.swift */ = {isa = PBXFileReference; lastKnownFileType = sourcecode.swift; path = FirstFlowCoordinator_Tests.swift; sourceTree = "<group>"; };
		6F68C5012C3BAE3F00219D8D /* Binding+AnyHashable.swift */ = {isa = PBXFileReference; lastKnownFileType = sourcecode.swift; path = "Binding+AnyHashable.swift"; sourceTree = "<group>"; };
		6F68C5042C3BAEFC00219D8D /* View+Sheet.swift */ = {isa = PBXFileReference; lastKnownFileType = sourcecode.swift; path = "View+Sheet.swift"; sourceTree = "<group>"; };
		6F68C5062C3BB07E00219D8D /* FirstFlowSheetCoordinatorAssembly.swift */ = {isa = PBXFileReference; lastKnownFileType = sourcecode.swift; path = FirstFlowSheetCoordinatorAssembly.swift; sourceTree = "<group>"; };
		6F68C5082C3BB09F00219D8D /* FirstFlowSheetCoordinator.swift */ = {isa = PBXFileReference; lastKnownFileType = sourcecode.swift; path = FirstFlowSheetCoordinator.swift; sourceTree = "<group>"; };
		6F68C5122C3C6BD900219D8D /* SecondFlowViewIntOutput.swift */ = {isa = PBXFileReference; lastKnownFileType = sourcecode.swift; path = SecondFlowViewIntOutput.swift; sourceTree = "<group>"; };
		6F68C5142C3C6BF800219D8D /* SecondFlowViewDoubleOutput.swift */ = {isa = PBXFileReference; lastKnownFileType = sourcecode.swift; path = SecondFlowViewDoubleOutput.swift; sourceTree = "<group>"; };
		6F68C5162C3C6C0E00219D8D /* SecondFlowViewStringOutput.swift */ = {isa = PBXFileReference; lastKnownFileType = sourcecode.swift; path = SecondFlowViewStringOutput.swift; sourceTree = "<group>"; };
		6F68C5192C3C72C300219D8D /* SecondFlowSheetCoordinator.swift */ = {isa = PBXFileReference; lastKnownFileType = sourcecode.swift; path = SecondFlowSheetCoordinator.swift; sourceTree = "<group>"; };
		6F68C51B2C3C72DC00219D8D /* SecondFlowSheetCoordinatorAssembly.swift */ = {isa = PBXFileReference; lastKnownFileType = sourcecode.swift; path = SecondFlowSheetCoordinatorAssembly.swift; sourceTree = "<group>"; };
		6F68C5252C49562500219D8D /* FirstSheet.swift */ = {isa = PBXFileReference; lastKnownFileType = sourcecode.swift; path = FirstSheet.swift; sourceTree = "<group>"; };
		6F68C5272C49562F00219D8D /* SecondSheet.swift */ = {isa = PBXFileReference; lastKnownFileType = sourcecode.swift; path = SecondSheet.swift; sourceTree = "<group>"; };
		6F68C52C2C4956B100219D8D /* FirstSheetPresenter.swift */ = {isa = PBXFileReference; lastKnownFileType = sourcecode.swift; path = FirstSheetPresenter.swift; sourceTree = "<group>"; };
		6F68C52E2C4956C000219D8D /* FirstSheetInteractor.swift */ = {isa = PBXFileReference; lastKnownFileType = sourcecode.swift; path = FirstSheetInteractor.swift; sourceTree = "<group>"; };
		6F68C5302C4956CE00219D8D /* FirstSheetModel.swift */ = {isa = PBXFileReference; lastKnownFileType = sourcecode.swift; path = FirstSheetModel.swift; sourceTree = "<group>"; };
		6F68C5322C4956DA00219D8D /* FirstSheetAssembly.swift */ = {isa = PBXFileReference; lastKnownFileType = sourcecode.swift; path = FirstSheetAssembly.swift; sourceTree = "<group>"; };
		6F68C5382C496FE100219D8D /* SecondSheetPresenter.swift */ = {isa = PBXFileReference; lastKnownFileType = sourcecode.swift; path = SecondSheetPresenter.swift; sourceTree = "<group>"; };
		6F68C53A2C496FED00219D8D /* SecondSheetInteractor.swift */ = {isa = PBXFileReference; lastKnownFileType = sourcecode.swift; path = SecondSheetInteractor.swift; sourceTree = "<group>"; };
		6F68C53C2C496FFA00219D8D /* SecondSheetModel.swift */ = {isa = PBXFileReference; lastKnownFileType = sourcecode.swift; path = SecondSheetModel.swift; sourceTree = "<group>"; };
		6F68C53E2C49700E00219D8D /* SecondSheetAssembly.swift */ = {isa = PBXFileReference; lastKnownFileType = sourcecode.swift; path = SecondSheetAssembly.swift; sourceTree = "<group>"; };
		6F68C5602C4A5A6700219D8D /* Loader.swift */ = {isa = PBXFileReference; lastKnownFileType = sourcecode.swift; path = Loader.swift; sourceTree = "<group>"; };
		6F68C5632C4A5ACC00219D8D /* LoaderPresenter.swift */ = {isa = PBXFileReference; lastKnownFileType = sourcecode.swift; path = LoaderPresenter.swift; sourceTree = "<group>"; };
		6F68C5652C4A5ADA00219D8D /* LoaderInteractor.swift */ = {isa = PBXFileReference; lastKnownFileType = sourcecode.swift; path = LoaderInteractor.swift; sourceTree = "<group>"; };
		6F68C5672C4A5AEA00219D8D /* LoaderModel.swift */ = {isa = PBXFileReference; lastKnownFileType = sourcecode.swift; path = LoaderModel.swift; sourceTree = "<group>"; };
		6F68C5692C4A5AF400219D8D /* LoaderAssembly.swift */ = {isa = PBXFileReference; lastKnownFileType = sourcecode.swift; path = LoaderAssembly.swift; sourceTree = "<group>"; };
		6F68C56C2C4A5F1200219D8D /* FirstFlowFullScreenCoverCoordinator.swift */ = {isa = PBXFileReference; lastKnownFileType = sourcecode.swift; path = FirstFlowFullScreenCoverCoordinator.swift; sourceTree = "<group>"; };
		6F68C56E2C4A5F1C00219D8D /* FirstFlowFullScreenCoverAssembly.swift */ = {isa = PBXFileReference; lastKnownFileType = sourcecode.swift; path = FirstFlowFullScreenCoverAssembly.swift; sourceTree = "<group>"; };
		6F68C5712C4A677500219D8D /* View+FullScreenCover.swift */ = {isa = PBXFileReference; lastKnownFileType = sourcecode.swift; path = "View+FullScreenCover.swift"; sourceTree = "<group>"; };
		6F68C5732C4A768400219D8D /* View+FirstAppear.swift */ = {isa = PBXFileReference; lastKnownFileType = sourcecode.swift; path = "View+FirstAppear.swift"; sourceTree = "<group>"; };
		6F68C5802C4CF3B500219D8D /* PublishedObject.swift */ = {isa = PBXFileReference; lastKnownFileType = sourcecode.swift; path = PublishedObject.swift; sourceTree = "<group>"; };
		6F68C5842C4CFE5400219D8D /* NavigationManager.swift */ = {isa = PBXFileReference; lastKnownFileType = sourcecode.swift; path = NavigationManager.swift; sourceTree = "<group>"; };
		6F68C5862C4E224E00219D8D /* FirstTabOutput.swift */ = {isa = PBXFileReference; lastKnownFileType = sourcecode.swift; path = FirstTabOutput.swift; sourceTree = "<group>"; };
		6F68C5882C50224500219D8D /* AppCoordinatorAssembly.swift */ = {isa = PBXFileReference; lastKnownFileType = sourcecode.swift; path = AppCoordinatorAssembly.swift; sourceTree = "<group>"; };
		6F79AF8D2C61DB5900C3A79F /* ThirdFlowCoordinatorAssembly.swift */ = {isa = PBXFileReference; lastKnownFileType = sourcecode.swift; path = ThirdFlowCoordinatorAssembly.swift; sourceTree = "<group>"; };
		6F79AF8F2C61DBD500C3A79F /* ThirdFlowViewIntOutput.swift */ = {isa = PBXFileReference; lastKnownFileType = sourcecode.swift; path = ThirdFlowViewIntOutput.swift; sourceTree = "<group>"; };
		6F79AF912C61DBEB00C3A79F /* ThirdFlowViewDoubleOutput.swift */ = {isa = PBXFileReference; lastKnownFileType = sourcecode.swift; path = ThirdFlowViewDoubleOutput.swift; sourceTree = "<group>"; };
		6F79AF932C61DC0600C3A79F /* ThirdFlowViewStringOutput.swift */ = {isa = PBXFileReference; lastKnownFileType = sourcecode.swift; path = ThirdFlowViewStringOutput.swift; sourceTree = "<group>"; };
		6F79AF972C61F05200C3A79F /* SecondTabCoordinator.swift */ = {isa = PBXFileReference; lastKnownFileType = sourcecode.swift; path = SecondTabCoordinator.swift; sourceTree = "<group>"; };
		6F79AF992C61F05F00C3A79F /* SecondTabCoordinatorAssembly.swift */ = {isa = PBXFileReference; lastKnownFileType = sourcecode.swift; path = SecondTabCoordinatorAssembly.swift; sourceTree = "<group>"; };
		6F79AF9B2C61F08200C3A79F /* SecondTabNavigationView.swift */ = {isa = PBXFileReference; lastKnownFileType = sourcecode.swift; path = SecondTabNavigationView.swift; sourceTree = "<group>"; };
		6F79AF9E2C61F09C00C3A79F /* ThirdTabCoordinator.swift */ = {isa = PBXFileReference; lastKnownFileType = sourcecode.swift; path = ThirdTabCoordinator.swift; sourceTree = "<group>"; };
		6F79AFA02C61F0AB00C3A79F /* ThirdTabCoordinatorAssembly.swift */ = {isa = PBXFileReference; lastKnownFileType = sourcecode.swift; path = ThirdTabCoordinatorAssembly.swift; sourceTree = "<group>"; };
		6F79AFA22C61F0BA00C3A79F /* ThirdTabCoordinatorView.swift */ = {isa = PBXFileReference; lastKnownFileType = sourcecode.swift; path = ThirdTabCoordinatorView.swift; sourceTree = "<group>"; };
		6F79AFA52C632EBE00C3A79F /* SecondTabView.swift */ = {isa = PBXFileReference; lastKnownFileType = sourcecode.swift; path = SecondTabView.swift; sourceTree = "<group>"; };
		6F79AFA82C632EDB00C3A79F /* SecondTabViewAssembly.swift */ = {isa = PBXFileReference; lastKnownFileType = sourcecode.swift; path = SecondTabViewAssembly.swift; sourceTree = "<group>"; };
		6F79AFAA2C632EED00C3A79F /* SecondTabViewInteractor.swift */ = {isa = PBXFileReference; lastKnownFileType = sourcecode.swift; path = SecondTabViewInteractor.swift; sourceTree = "<group>"; };
		6F79AFAC2C632EF800C3A79F /* SecondTabViewModel.swift */ = {isa = PBXFileReference; lastKnownFileType = sourcecode.swift; path = SecondTabViewModel.swift; sourceTree = "<group>"; };
		6F79AFAE2C632F0500C3A79F /* ISecondTabViewOutput.swift */ = {isa = PBXFileReference; lastKnownFileType = sourcecode.swift; path = ISecondTabViewOutput.swift; sourceTree = "<group>"; };
		6F79AFB02C63309E00C3A79F /* SecondTabOutput.swift */ = {isa = PBXFileReference; lastKnownFileType = sourcecode.swift; path = SecondTabOutput.swift; sourceTree = "<group>"; };
		6F79AFB32C6330FF00C3A79F /* ThirdTabView.swift */ = {isa = PBXFileReference; lastKnownFileType = sourcecode.swift; path = ThirdTabView.swift; sourceTree = "<group>"; };
		6F79AFB62C63312500C3A79F /* ThirdTabViewAssembly.swift */ = {isa = PBXFileReference; lastKnownFileType = sourcecode.swift; path = ThirdTabViewAssembly.swift; sourceTree = "<group>"; };
		6F79AFB82C63313700C3A79F /* ThirdTabViewInteractor.swift */ = {isa = PBXFileReference; lastKnownFileType = sourcecode.swift; path = ThirdTabViewInteractor.swift; sourceTree = "<group>"; };
		6F79AFBA2C63314A00C3A79F /* ThirdTabViewModel.swift */ = {isa = PBXFileReference; lastKnownFileType = sourcecode.swift; path = ThirdTabViewModel.swift; sourceTree = "<group>"; };
		6F79AFBC2C63316800C3A79F /* IThirdTabViewOutput.swift */ = {isa = PBXFileReference; lastKnownFileType = sourcecode.swift; path = IThirdTabViewOutput.swift; sourceTree = "<group>"; };
		6F79AFBE2C6334CA00C3A79F /* ThirdTabOutput.swift */ = {isa = PBXFileReference; lastKnownFileType = sourcecode.swift; path = ThirdTabOutput.swift; sourceTree = "<group>"; };
		6F79AFC02C64853400C3A79F /* DeeplinkCoordinatorAssembly.swift */ = {isa = PBXFileReference; lastKnownFileType = sourcecode.swift; path = DeeplinkCoordinatorAssembly.swift; sourceTree = "<group>"; };
		6F79AFD22C67650500C3A79F /* SecondTabDeeplinkHandlersAssembly.swift */ = {isa = PBXFileReference; lastKnownFileType = sourcecode.swift; path = SecondTabDeeplinkHandlersAssembly.swift; sourceTree = "<group>"; };
		6F79AFD42C6B29D600C3A79F /* Deeplink.swift */ = {isa = PBXFileReference; lastKnownFileType = sourcecode.swift; path = Deeplink.swift; sourceTree = "<group>"; };
		6F79AFD62C6B2A2600C3A79F /* ViewIntHandlerFactory.swift */ = {isa = PBXFileReference; lastKnownFileType = sourcecode.swift; path = ViewIntHandlerFactory.swift; sourceTree = "<group>"; };
		6F79AFD92C6B2A7300C3A79F /* ViewIntDeeplinkMapper.swift */ = {isa = PBXFileReference; lastKnownFileType = sourcecode.swift; path = ViewIntDeeplinkMapper.swift; sourceTree = "<group>"; };
		6F79AFDD2C6DC55200C3A79F /* IDeeplinkMapper.swift */ = {isa = PBXFileReference; lastKnownFileType = sourcecode.swift; path = IDeeplinkMapper.swift; sourceTree = "<group>"; };
		6F79AFE12C70BE3900C3A79F /* ViewIntHandlerFactory_Tests.swift */ = {isa = PBXFileReference; lastKnownFileType = sourcecode.swift; path = ViewIntHandlerFactory_Tests.swift; sourceTree = "<group>"; };
		6F9A46A42C2D272E009983A3 /* NavigationStackCoordinator.app */ = {isa = PBXFileReference; explicitFileType = wrapper.application; includeInIndex = 0; path = NavigationStackCoordinator.app; sourceTree = BUILT_PRODUCTS_DIR; };
		6F9A46A72C2D272E009983A3 /* NavigationStackCoordinatorApp.swift */ = {isa = PBXFileReference; lastKnownFileType = sourcecode.swift; path = NavigationStackCoordinatorApp.swift; sourceTree = "<group>"; };
		6F9A46AB2C2D272F009983A3 /* Assets.xcassets */ = {isa = PBXFileReference; lastKnownFileType = folder.assetcatalog; path = Assets.xcassets; sourceTree = "<group>"; };
		6F9A46AD2C2D272F009983A3 /* NavigationStackCoordinator.entitlements */ = {isa = PBXFileReference; lastKnownFileType = text.plist.entitlements; path = NavigationStackCoordinator.entitlements; sourceTree = "<group>"; };
		6F9A46AF2C2D272F009983A3 /* Preview Assets.xcassets */ = {isa = PBXFileReference; lastKnownFileType = folder.assetcatalog; path = "Preview Assets.xcassets"; sourceTree = "<group>"; };
		6F9A46B62C2D27BA009983A3 /* PathManager.swift */ = {isa = PBXFileReference; lastKnownFileType = sourcecode.swift; path = PathManager.swift; sourceTree = "<group>"; };
		6F9A46B82C2D2F3D009983A3 /* IViewDoubleOutput.swift */ = {isa = PBXFileReference; fileEncoding = 4; lastKnownFileType = sourcecode.swift; path = IViewDoubleOutput.swift; sourceTree = "<group>"; };
		6F9A46B92C2D2F3D009983A3 /* ViewDouble.swift */ = {isa = PBXFileReference; fileEncoding = 4; lastKnownFileType = sourcecode.swift; path = ViewDouble.swift; sourceTree = "<group>"; };
		6F9A46BA2C2D2F3D009983A3 /* ViewDoubleAssembly.swift */ = {isa = PBXFileReference; fileEncoding = 4; lastKnownFileType = sourcecode.swift; path = ViewDoubleAssembly.swift; sourceTree = "<group>"; };
		6F9A46BB2C2D2F3D009983A3 /* ViewDoubleInteractor.swift */ = {isa = PBXFileReference; fileEncoding = 4; lastKnownFileType = sourcecode.swift; path = ViewDoubleInteractor.swift; sourceTree = "<group>"; };
		6F9A46BC2C2D2F3D009983A3 /* ViewDoubleModel.swift */ = {isa = PBXFileReference; fileEncoding = 4; lastKnownFileType = sourcecode.swift; path = ViewDoubleModel.swift; sourceTree = "<group>"; };
		6F9A46BE2C2D2F3D009983A3 /* IViewIntOutput.swift */ = {isa = PBXFileReference; fileEncoding = 4; lastKnownFileType = sourcecode.swift; path = IViewIntOutput.swift; sourceTree = "<group>"; };
		6F9A46BF2C2D2F3D009983A3 /* ViewInt.swift */ = {isa = PBXFileReference; fileEncoding = 4; lastKnownFileType = sourcecode.swift; path = ViewInt.swift; sourceTree = "<group>"; };
		6F9A46C02C2D2F3D009983A3 /* ViewIntAssembly.swift */ = {isa = PBXFileReference; fileEncoding = 4; lastKnownFileType = sourcecode.swift; path = ViewIntAssembly.swift; sourceTree = "<group>"; };
		6F9A46C12C2D2F3D009983A3 /* ViewIntInteractor.swift */ = {isa = PBXFileReference; fileEncoding = 4; lastKnownFileType = sourcecode.swift; path = ViewIntInteractor.swift; sourceTree = "<group>"; };
		6F9A46C22C2D2F3D009983A3 /* ViewIntModel.swift */ = {isa = PBXFileReference; fileEncoding = 4; lastKnownFileType = sourcecode.swift; path = ViewIntModel.swift; sourceTree = "<group>"; };
		6F9A46C42C2D2F3D009983A3 /* IViewStringOutput.swift */ = {isa = PBXFileReference; fileEncoding = 4; lastKnownFileType = sourcecode.swift; path = IViewStringOutput.swift; sourceTree = "<group>"; };
		6F9A46C52C2D2F3D009983A3 /* ViewString.swift */ = {isa = PBXFileReference; fileEncoding = 4; lastKnownFileType = sourcecode.swift; path = ViewString.swift; sourceTree = "<group>"; };
		6F9A46C62C2D2F3D009983A3 /* ViewStringAssembly.swift */ = {isa = PBXFileReference; fileEncoding = 4; lastKnownFileType = sourcecode.swift; path = ViewStringAssembly.swift; sourceTree = "<group>"; };
		6F9A46C72C2D2F3D009983A3 /* ViewStringInteractor.swift */ = {isa = PBXFileReference; fileEncoding = 4; lastKnownFileType = sourcecode.swift; path = ViewStringInteractor.swift; sourceTree = "<group>"; };
		6F9A46C82C2D2F3D009983A3 /* ViewStringModel.swift */ = {isa = PBXFileReference; fileEncoding = 4; lastKnownFileType = sourcecode.swift; path = ViewStringModel.swift; sourceTree = "<group>"; };
		6F9A46D92C2D2F71009983A3 /* CustomNavigationBarContainerView.swift */ = {isa = PBXFileReference; fileEncoding = 4; lastKnownFileType = sourcecode.swift; path = CustomNavigationBarContainerView.swift; sourceTree = "<group>"; };
		6F9A46DA2C2D2F71009983A3 /* CustomNavigationBarView.swift */ = {isa = PBXFileReference; fileEncoding = 4; lastKnownFileType = sourcecode.swift; path = CustomNavigationBarView.swift; sourceTree = "<group>"; };
		6F9A46DC2C2D2F71009983A3 /* TabBarItemView.swift */ = {isa = PBXFileReference; fileEncoding = 4; lastKnownFileType = sourcecode.swift; path = TabBarItemView.swift; sourceTree = "<group>"; };
		6F9A46DD2C2D2F71009983A3 /* TabBarView.swift */ = {isa = PBXFileReference; fileEncoding = 4; lastKnownFileType = sourcecode.swift; path = TabBarView.swift; sourceTree = "<group>"; };
		6F9A46DE2C2D2F71009983A3 /* TabItem.swift */ = {isa = PBXFileReference; fileEncoding = 4; lastKnownFileType = sourcecode.swift; path = TabItem.swift; sourceTree = "<group>"; };
		6F9A46DF2C2D2F71009983A3 /* TabItemPreferenceKey.swift */ = {isa = PBXFileReference; fileEncoding = 4; lastKnownFileType = sourcecode.swift; path = TabItemPreferenceKey.swift; sourceTree = "<group>"; };
		6F9A46E72C2D2FA5009983A3 /* MainView.swift */ = {isa = PBXFileReference; lastKnownFileType = sourcecode.swift; path = MainView.swift; sourceTree = "<group>"; };
		6F9A46E92C2D302D009983A3 /* FirstFlowCoordinator.swift */ = {isa = PBXFileReference; lastKnownFileType = sourcecode.swift; path = FirstFlowCoordinator.swift; sourceTree = "<group>"; };
		6F9A46EC2C2D30E1009983A3 /* AppCoordinator.swift */ = {isa = PBXFileReference; lastKnownFileType = sourcecode.swift; path = AppCoordinator.swift; sourceTree = "<group>"; };
		6F9A46EE2C2DD6F1009983A3 /* FirstTabView.swift */ = {isa = PBXFileReference; fileEncoding = 4; lastKnownFileType = sourcecode.swift; path = FirstTabView.swift; sourceTree = "<group>"; };
		6F9A46EF2C2DD6F1009983A3 /* FirstTabViewAssembly.swift */ = {isa = PBXFileReference; fileEncoding = 4; lastKnownFileType = sourcecode.swift; path = FirstTabViewAssembly.swift; sourceTree = "<group>"; };
		6F9A46F02C2DD6F1009983A3 /* FirstTabViewInteractor.swift */ = {isa = PBXFileReference; fileEncoding = 4; lastKnownFileType = sourcecode.swift; path = FirstTabViewInteractor.swift; sourceTree = "<group>"; };
		6F9A46F12C2DD6F1009983A3 /* FirstTabViewModel.swift */ = {isa = PBXFileReference; fileEncoding = 4; lastKnownFileType = sourcecode.swift; path = FirstTabViewModel.swift; sourceTree = "<group>"; };
		6F9A46F22C2DD6F1009983A3 /* IFirstTabViewOutput.swift */ = {isa = PBXFileReference; fileEncoding = 4; lastKnownFileType = sourcecode.swift; path = IFirstTabViewOutput.swift; sourceTree = "<group>"; };
		6F9A46F92C2DD86B009983A3 /* SecondFlowCoordinator.swift */ = {isa = PBXFileReference; lastKnownFileType = sourcecode.swift; path = SecondFlowCoordinator.swift; sourceTree = "<group>"; };
		6F9A46FB2C2DE072009983A3 /* ThirdFlowCoordinator.swift */ = {isa = PBXFileReference; lastKnownFileType = sourcecode.swift; path = ThirdFlowCoordinator.swift; sourceTree = "<group>"; };
		6F9A46FD2C2F00DE009983A3 /* FirstFlowViewIntOutput.swift */ = {isa = PBXFileReference; lastKnownFileType = sourcecode.swift; path = FirstFlowViewIntOutput.swift; sourceTree = "<group>"; };
		6F9A46FF2C2F0117009983A3 /* FirstFlowViewDoubleOutput.swift */ = {isa = PBXFileReference; lastKnownFileType = sourcecode.swift; path = FirstFlowViewDoubleOutput.swift; sourceTree = "<group>"; };
		6F9A47012C2F0125009983A3 /* FirstFlowViewStringOutput.swift */ = {isa = PBXFileReference; lastKnownFileType = sourcecode.swift; path = FirstFlowViewStringOutput.swift; sourceTree = "<group>"; };
		6F9A47072C2F031B009983A3 /* FirstFlowCoordinatorAssembly.swift */ = {isa = PBXFileReference; lastKnownFileType = sourcecode.swift; path = FirstFlowCoordinatorAssembly.swift; sourceTree = "<group>"; };
		6F9A470C2C315C73009983A3 /* FirstTabCoordinator.swift */ = {isa = PBXFileReference; lastKnownFileType = sourcecode.swift; path = FirstTabCoordinator.swift; sourceTree = "<group>"; };
		6F9A470F2C315CE7009983A3 /* FirstTabCoordinatorAssembly.swift */ = {isa = PBXFileReference; lastKnownFileType = sourcecode.swift; path = FirstTabCoordinatorAssembly.swift; sourceTree = "<group>"; };
		6F9A47122C3166B1009983A3 /* MainContainer.swift */ = {isa = PBXFileReference; lastKnownFileType = sourcecode.swift; path = MainContainer.swift; sourceTree = "<group>"; };
		6F9A47142C3166DE009983A3 /* FirstTabNavigationView.swift */ = {isa = PBXFileReference; lastKnownFileType = sourcecode.swift; path = FirstTabNavigationView.swift; sourceTree = "<group>"; };
		6F9A47162C32F428009983A3 /* Info.plist */ = {isa = PBXFileReference; lastKnownFileType = text.plist; path = Info.plist; sourceTree = "<group>"; };
		6F9A47172C33B8A5009983A3 /* DeeplinkCoordinator.swift */ = {isa = PBXFileReference; lastKnownFileType = sourcecode.swift; path = DeeplinkCoordinator.swift; sourceTree = "<group>"; };
		6F9A471D2C33BE61009983A3 /* ViewIntHandler.swift */ = {isa = PBXFileReference; lastKnownFileType = sourcecode.swift; path = ViewIntHandler.swift; sourceTree = "<group>"; };
		6F9A47242C33C50C009983A3 /* FirstTabDeeplinkHandlersFactory.swift */ = {isa = PBXFileReference; lastKnownFileType = sourcecode.swift; path = FirstTabDeeplinkHandlersFactory.swift; sourceTree = "<group>"; };
		6F9A47262C33C9ED009983A3 /* TabBarManager.swift */ = {isa = PBXFileReference; lastKnownFileType = sourcecode.swift; path = TabBarManager.swift; sourceTree = "<group>"; };
		6F9A472A2C359BEB009983A3 /* ViewIntPresenter.swift */ = {isa = PBXFileReference; lastKnownFileType = sourcecode.swift; path = ViewIntPresenter.swift; sourceTree = "<group>"; };
		6F9A472C2C35A690009983A3 /* PresentationScene.swift */ = {isa = PBXFileReference; lastKnownFileType = sourcecode.swift; path = PresentationScene.swift; sourceTree = "<group>"; };
		6F9A47302C37A120009983A3 /* SecondFlowCoordinatorAssembly.swift */ = {isa = PBXFileReference; lastKnownFileType = sourcecode.swift; path = SecondFlowCoordinatorAssembly.swift; sourceTree = "<group>"; };
		6FE76BA02C70CA4B0096541B /* ViewIntDeeplinkMapperDummy.swift */ = {isa = PBXFileReference; lastKnownFileType = sourcecode.swift; path = ViewIntDeeplinkMapperDummy.swift; sourceTree = "<group>"; };
		6FE76BA22C70CB4E0096541B /* ViewIntDeeplinkHandler_Tests.swift */ = {isa = PBXFileReference; lastKnownFileType = sourcecode.swift; path = ViewIntDeeplinkHandler_Tests.swift; sourceTree = "<group>"; };
		6FE76BA42C70CD020096541B /* FirstTabViewIntDeeplinkMapperMock.swift */ = {isa = PBXFileReference; lastKnownFileType = sourcecode.swift; path = FirstTabViewIntDeeplinkMapperMock.swift; sourceTree = "<group>"; };
		6FE76BA62C70CD180096541B /* SecondTabViewIntDeeplinkMapperMock.swift */ = {isa = PBXFileReference; lastKnownFileType = sourcecode.swift; path = SecondTabViewIntDeeplinkMapperMock.swift; sourceTree = "<group>"; };
		6FF9455A2C8470E100FB1DF1 /* UMLDiagram.md */ = {isa = PBXFileReference; lastKnownFileType = net.daringfireball.markdown; path = UMLDiagram.md; sourceTree = "<group>"; };
/* End PBXFileReference section */

/* Begin PBXFrameworksBuildPhase section */
		6F2218372C5CA57C0012DCE2 /* Frameworks */ = {
			isa = PBXFrameworksBuildPhase;
			buildActionMask = 2147483647;
			files = (
			);
			runOnlyForDeploymentPostprocessing = 0;
		};
		6F9A46A12C2D272E009983A3 /* Frameworks */ = {
			isa = PBXFrameworksBuildPhase;
			buildActionMask = 2147483647;
			files = (
			);
			runOnlyForDeploymentPostprocessing = 0;
		};
/* End PBXFrameworksBuildPhase section */

/* Begin PBXGroup section */
		6F22183B2C5CA57C0012DCE2 /* NavigationStackCoordinator_Tests */ = {
			isa = PBXGroup;
			children = (
				6FE76B9F2C70CA3D0096541B /* ViewIntHandlerFactory_Tests */,
				6F2218662C5FE5BA0012DCE2 /* FirstFlowCoordinator_Tests */,
				6F2218632C5FE40D0012DCE2 /* Spies */,
				6F2218582C5FD7DD0012DCE2 /* AppCoordinator_Tests */,
				6F2218572C5FD7D40012DCE2 /* FirstTabCoordinator_Tests */,
			);
			path = NavigationStackCoordinator_Tests;
			sourceTree = "<group>";
		};
		6F2218572C5FD7D40012DCE2 /* FirstTabCoordinator_Tests */ = {
			isa = PBXGroup;
			children = (
				6F2218452C5CAAA80012DCE2 /* FirstTabCoordinator_Tests.swift */,
				6F22185F2C5FDC730012DCE2 /* FirstTabCoordinatorAssembly_Tests.swift */,
				6F22185D2C5FD8260012DCE2 /* FirstTabCoordinatorAssemblyStub.swift */,
				6F2218612C5FDCE40012DCE2 /* FirstTabCoordinatorStub.swift */,
			);
			path = FirstTabCoordinator_Tests;
			sourceTree = "<group>";
		};
		6F2218582C5FD7DD0012DCE2 /* AppCoordinator_Tests */ = {
			isa = PBXGroup;
			children = (
				6F2218432C5CA75D0012DCE2 /* AppCoordinator_Tests.swift */,
			);
			path = AppCoordinator_Tests;
			sourceTree = "<group>";
		};
		6F2218632C5FE40D0012DCE2 /* Spies */ = {
			isa = PBXGroup;
			children = (
				6F2218592C5FD8080012DCE2 /* NavigationManagerSpy.swift */,
				6F22185B2C5FD8160012DCE2 /* TabBarManagerSpy.swift */,
			);
			path = Spies;
			sourceTree = "<group>";
		};
		6F2218662C5FE5BA0012DCE2 /* FirstFlowCoordinator_Tests */ = {
			isa = PBXGroup;
			children = (
				6F2218642C5FE5B30012DCE2 /* FirstFlowCoordinator_Tests.swift */,
			);
			path = FirstFlowCoordinator_Tests;
			sourceTree = "<group>";
		};
		6F68C5032C3BAEBA00219D8D /* Extensions */ = {
			isa = PBXGroup;
			children = (
				6F68C5012C3BAE3F00219D8D /* Binding+AnyHashable.swift */,
				6F68C5752C4A76AE00219D8D /* View */,
				6F68C5802C4CF3B500219D8D /* PublishedObject.swift */,
			);
			path = Extensions;
			sourceTree = "<group>";
		};
		6F68C50A2C3BB0D700219D8D /* FirstFlowSheetCoordinator */ = {
			isa = PBXGroup;
			children = (
				6F68C5062C3BB07E00219D8D /* FirstFlowSheetCoordinatorAssembly.swift */,
				6F68C5082C3BB09F00219D8D /* FirstFlowSheetCoordinator.swift */,
			);
			path = FirstFlowSheetCoordinator;
			sourceTree = "<group>";
		};
		6F68C5182C3C6C1400219D8D /* ScenesOutputs */ = {
			isa = PBXGroup;
			children = (
				6F68C5122C3C6BD900219D8D /* SecondFlowViewIntOutput.swift */,
				6F68C5142C3C6BF800219D8D /* SecondFlowViewDoubleOutput.swift */,
				6F68C5162C3C6C0E00219D8D /* SecondFlowViewStringOutput.swift */,
			);
			path = ScenesOutputs;
			sourceTree = "<group>";
		};
		6F68C51D2C3C72E500219D8D /* SecondFlowSheetCoordinator */ = {
			isa = PBXGroup;
			children = (
				6F68C5192C3C72C300219D8D /* SecondFlowSheetCoordinator.swift */,
				6F68C51B2C3C72DC00219D8D /* SecondFlowSheetCoordinatorAssembly.swift */,
			);
			path = SecondFlowSheetCoordinator;
			sourceTree = "<group>";
		};
		6F68C5292C49565800219D8D /* Sheets */ = {
			isa = PBXGroup;
			children = (
				6F68C52A2C49566C00219D8D /* FirstSheet */,
				6F68C52B2C49567600219D8D /* SecondSheet */,
			);
			path = Sheets;
			sourceTree = "<group>";
		};
		6F68C52A2C49566C00219D8D /* FirstSheet */ = {
			isa = PBXGroup;
			children = (
				6F68C5252C49562500219D8D /* FirstSheet.swift */,
				6F68C52C2C4956B100219D8D /* FirstSheetPresenter.swift */,
				6F68C52E2C4956C000219D8D /* FirstSheetInteractor.swift */,
				6F68C5302C4956CE00219D8D /* FirstSheetModel.swift */,
				6F68C5322C4956DA00219D8D /* FirstSheetAssembly.swift */,
			);
			path = FirstSheet;
			sourceTree = "<group>";
		};
		6F68C52B2C49567600219D8D /* SecondSheet */ = {
			isa = PBXGroup;
			children = (
				6F68C5272C49562F00219D8D /* SecondSheet.swift */,
				6F68C5382C496FE100219D8D /* SecondSheetPresenter.swift */,
				6F68C53A2C496FED00219D8D /* SecondSheetInteractor.swift */,
				6F68C53C2C496FFA00219D8D /* SecondSheetModel.swift */,
				6F68C53E2C49700E00219D8D /* SecondSheetAssembly.swift */,
			);
			path = SecondSheet;
			sourceTree = "<group>";
		};
		6F68C5622C4A5A7D00219D8D /* FullScreenCovers */ = {
			isa = PBXGroup;
			children = (
				6F68C56B2C4A5B0000219D8D /* Loader */,
			);
			path = FullScreenCovers;
			sourceTree = "<group>";
		};
		6F68C56B2C4A5B0000219D8D /* Loader */ = {
			isa = PBXGroup;
			children = (
				6F68C5632C4A5ACC00219D8D /* LoaderPresenter.swift */,
				6F68C5652C4A5ADA00219D8D /* LoaderInteractor.swift */,
				6F68C5672C4A5AEA00219D8D /* LoaderModel.swift */,
				6F68C5692C4A5AF400219D8D /* LoaderAssembly.swift */,
				6F68C5602C4A5A6700219D8D /* Loader.swift */,
			);
			path = Loader;
			sourceTree = "<group>";
		};
		6F68C5702C4A5F2600219D8D /* FirstFlowFullScreenCoverCoordinator */ = {
			isa = PBXGroup;
			children = (
				6F68C56C2C4A5F1200219D8D /* FirstFlowFullScreenCoverCoordinator.swift */,
				6F68C56E2C4A5F1C00219D8D /* FirstFlowFullScreenCoverAssembly.swift */,
			);
			path = FirstFlowFullScreenCoverCoordinator;
			sourceTree = "<group>";
		};
		6F68C5752C4A76AE00219D8D /* View */ = {
			isa = PBXGroup;
			children = (
				6F68C5042C3BAEFC00219D8D /* View+Sheet.swift */,
				6F68C5712C4A677500219D8D /* View+FullScreenCover.swift */,
				6F68C5732C4A768400219D8D /* View+FirstAppear.swift */,
			);
			path = View;
			sourceTree = "<group>";
		};
		6F79AF952C61DC1D00C3A79F /* ScenesOutputs */ = {
			isa = PBXGroup;
			children = (
				6F79AF8F2C61DBD500C3A79F /* ThirdFlowViewIntOutput.swift */,
				6F79AF912C61DBEB00C3A79F /* ThirdFlowViewDoubleOutput.swift */,
				6F79AF932C61DC0600C3A79F /* ThirdFlowViewStringOutput.swift */,
			);
			path = ScenesOutputs;
			sourceTree = "<group>";
		};
		6F79AF962C61EA3B00C3A79F /* ScenesOutputs */ = {
			isa = PBXGroup;
			children = (
				6F68C5862C4E224E00219D8D /* FirstTabOutput.swift */,
			);
			path = ScenesOutputs;
			sourceTree = "<group>";
		};
		6F79AF9D2C61F08C00C3A79F /* SecondTabCoordinator */ = {
			isa = PBXGroup;
			children = (
				6F79AF972C61F05200C3A79F /* SecondTabCoordinator.swift */,
				6F79AFB22C6330A300C3A79F /* ScenesOutputs */,
				6F79AF992C61F05F00C3A79F /* SecondTabCoordinatorAssembly.swift */,
				6F79AF9B2C61F08200C3A79F /* SecondTabNavigationView.swift */,
			);
			path = SecondTabCoordinator;
			sourceTree = "<group>";
		};
		6F79AFA42C61F0C300C3A79F /* ThirdTabCoordinator */ = {
			isa = PBXGroup;
			children = (
				6F79AF9E2C61F09C00C3A79F /* ThirdTabCoordinator.swift */,
				6F79AFA02C61F0AB00C3A79F /* ThirdTabCoordinatorAssembly.swift */,
				6F79AFBE2C6334CA00C3A79F /* ThirdTabOutput.swift */,
				6F79AFA22C61F0BA00C3A79F /* ThirdTabCoordinatorView.swift */,
			);
			path = ThirdTabCoordinator;
			sourceTree = "<group>";
		};
		6F79AFA72C632EC900C3A79F /* SecondTabView */ = {
			isa = PBXGroup;
			children = (
				6F79AFA52C632EBE00C3A79F /* SecondTabView.swift */,
				6F79AFA82C632EDB00C3A79F /* SecondTabViewAssembly.swift */,
				6F79AFAA2C632EED00C3A79F /* SecondTabViewInteractor.swift */,
				6F79AFAC2C632EF800C3A79F /* SecondTabViewModel.swift */,
				6F79AFAE2C632F0500C3A79F /* ISecondTabViewOutput.swift */,
			);
			path = SecondTabView;
			sourceTree = "<group>";
		};
		6F79AFB22C6330A300C3A79F /* ScenesOutputs */ = {
			isa = PBXGroup;
			children = (
				6F79AFB02C63309E00C3A79F /* SecondTabOutput.swift */,
			);
			path = ScenesOutputs;
			sourceTree = "<group>";
		};
		6F79AFB52C63310700C3A79F /* ThirdTabView */ = {
			isa = PBXGroup;
			children = (
				6F79AFB32C6330FF00C3A79F /* ThirdTabView.swift */,
				6F79AFB62C63312500C3A79F /* ThirdTabViewAssembly.swift */,
				6F79AFB82C63313700C3A79F /* ThirdTabViewInteractor.swift */,
				6F79AFBA2C63314A00C3A79F /* ThirdTabViewModel.swift */,
				6F79AFBC2C63316800C3A79F /* IThirdTabViewOutput.swift */,
			);
			path = ThirdTabView;
			sourceTree = "<group>";
		};
		6F79AFD82C6B2A3000C3A79F /* ViewIntHandler */ = {
			isa = PBXGroup;
			children = (
				6F79AFD62C6B2A2600C3A79F /* ViewIntHandlerFactory.swift */,
				6F9A471D2C33BE61009983A3 /* ViewIntHandler.swift */,
				6F79AFD92C6B2A7300C3A79F /* ViewIntDeeplinkMapper.swift */,
			);
			path = ViewIntHandler;
			sourceTree = "<group>";
		};
		6F9A469B2C2D272E009983A3 = {
			isa = PBXGroup;
			children = (
				6FF9455A2C8470E100FB1DF1 /* UMLDiagram.md */,
				6F9A46A62C2D272E009983A3 /* NavigationStackCoordinator */,
				6F22183B2C5CA57C0012DCE2 /* NavigationStackCoordinator_Tests */,
				6F9A46A52C2D272E009983A3 /* Products */,
			);
			sourceTree = "<group>";
		};
		6F9A46A52C2D272E009983A3 /* Products */ = {
			isa = PBXGroup;
			children = (
				6F9A46A42C2D272E009983A3 /* NavigationStackCoordinator.app */,
				6F22183A2C5CA57C0012DCE2 /* NavigationStackCoordinator_Tests.xctest */,
			);
			name = Products;
			sourceTree = "<group>";
		};
		6F9A46A62C2D272E009983A3 /* NavigationStackCoordinator */ = {
			isa = PBXGroup;
			children = (
				6F9A47162C32F428009983A3 /* Info.plist */,
				6F9A46A72C2D272E009983A3 /* NavigationStackCoordinatorApp.swift */,
				6F68C5032C3BAEBA00219D8D /* Extensions */,
				6F9A47282C33CA39009983A3 /* MainView */,
				6F9A47292C33CA49009983A3 /* Custom Views */,
				6F9A46EB2C2D3033009983A3 /* Coordinators */,
				6F9A47112C315DCB009983A3 /* Scenes */,
				6F9A46AB2C2D272F009983A3 /* Assets.xcassets */,
				6F9A46AD2C2D272F009983A3 /* NavigationStackCoordinator.entitlements */,
				6F9A46AE2C2D272F009983A3 /* Preview Content */,
			);
			path = NavigationStackCoordinator;
			sourceTree = "<group>";
		};
		6F9A46AE2C2D272F009983A3 /* Preview Content */ = {
			isa = PBXGroup;
			children = (
				6F9A46AF2C2D272F009983A3 /* Preview Assets.xcassets */,
			);
			path = "Preview Content";
			sourceTree = "<group>";
		};
		6F9A46BD2C2D2F3D009983A3 /* ViewDouble */ = {
			isa = PBXGroup;
			children = (
				6F9A46B82C2D2F3D009983A3 /* IViewDoubleOutput.swift */,
				6F9A46B92C2D2F3D009983A3 /* ViewDouble.swift */,
				6F9A46BA2C2D2F3D009983A3 /* ViewDoubleAssembly.swift */,
				6F9A46BB2C2D2F3D009983A3 /* ViewDoubleInteractor.swift */,
				6F9A46BC2C2D2F3D009983A3 /* ViewDoubleModel.swift */,
			);
			path = ViewDouble;
			sourceTree = "<group>";
		};
		6F9A46C32C2D2F3D009983A3 /* ViewInt */ = {
			isa = PBXGroup;
			children = (
				6F9A46BE2C2D2F3D009983A3 /* IViewIntOutput.swift */,
				6F9A46BF2C2D2F3D009983A3 /* ViewInt.swift */,
				6F9A472A2C359BEB009983A3 /* ViewIntPresenter.swift */,
				6F9A46C02C2D2F3D009983A3 /* ViewIntAssembly.swift */,
				6F9A46C12C2D2F3D009983A3 /* ViewIntInteractor.swift */,
				6F9A46C22C2D2F3D009983A3 /* ViewIntModel.swift */,
			);
			path = ViewInt;
			sourceTree = "<group>";
		};
		6F9A46C92C2D2F3D009983A3 /* ViewString */ = {
			isa = PBXGroup;
			children = (
				6F9A46C42C2D2F3D009983A3 /* IViewStringOutput.swift */,
				6F9A46C52C2D2F3D009983A3 /* ViewString.swift */,
				6F9A46C62C2D2F3D009983A3 /* ViewStringAssembly.swift */,
				6F9A46C72C2D2F3D009983A3 /* ViewStringInteractor.swift */,
				6F9A46C82C2D2F3D009983A3 /* ViewStringModel.swift */,
			);
			path = ViewString;
			sourceTree = "<group>";
		};
		6F9A46DB2C2D2F71009983A3 /* CustomNavigationBarContainerView */ = {
			isa = PBXGroup;
			children = (
				6F9A46D92C2D2F71009983A3 /* CustomNavigationBarContainerView.swift */,
				6F9A46DA2C2D2F71009983A3 /* CustomNavigationBarView.swift */,
			);
			path = CustomNavigationBarContainerView;
			sourceTree = "<group>";
		};
		6F9A46E02C2D2F71009983A3 /* TabBar */ = {
			isa = PBXGroup;
			children = (
				6F9A46DC2C2D2F71009983A3 /* TabBarItemView.swift */,
				6F9A46DD2C2D2F71009983A3 /* TabBarView.swift */,
				6F9A46DE2C2D2F71009983A3 /* TabItem.swift */,
				6F9A46DF2C2D2F71009983A3 /* TabItemPreferenceKey.swift */,
			);
			path = TabBar;
			sourceTree = "<group>";
		};
		6F9A46EB2C2D3033009983A3 /* Coordinators */ = {
			isa = PBXGroup;
			children = (
				6F9A47192C33B8C5009983A3 /* DeeplinkCoordinator */,
				6F9A470B2C315C61009983A3 /* AppCoordinator */,
			);
			path = Coordinators;
			sourceTree = "<group>";
		};
		6F9A46F32C2DD6F1009983A3 /* FirstTabView */ = {
			isa = PBXGroup;
			children = (
				6F9A46EE2C2DD6F1009983A3 /* FirstTabView.swift */,
				6F9A46EF2C2DD6F1009983A3 /* FirstTabViewAssembly.swift */,
				6F9A46F02C2DD6F1009983A3 /* FirstTabViewInteractor.swift */,
				6F9A46F12C2DD6F1009983A3 /* FirstTabViewModel.swift */,
				6F9A46F22C2DD6F1009983A3 /* IFirstTabViewOutput.swift */,
			);
			path = FirstTabView;
			sourceTree = "<group>";
		};
		6F9A47032C2F01C4009983A3 /* ScenesOutputs */ = {
			isa = PBXGroup;
			children = (
				6F9A46FD2C2F00DE009983A3 /* FirstFlowViewIntOutput.swift */,
				6F9A46FF2C2F0117009983A3 /* FirstFlowViewDoubleOutput.swift */,
				6F9A47012C2F0125009983A3 /* FirstFlowViewStringOutput.swift */,
			);
			path = ScenesOutputs;
			sourceTree = "<group>";
		};
		6F9A47042C2F01D2009983A3 /* FirstFlowCoordinator */ = {
			isa = PBXGroup;
			children = (
				6F9A47072C2F031B009983A3 /* FirstFlowCoordinatorAssembly.swift */,
				6F9A46E92C2D302D009983A3 /* FirstFlowCoordinator.swift */,
				6F68C5702C4A5F2600219D8D /* FirstFlowFullScreenCoverCoordinator */,
				6F68C50A2C3BB0D700219D8D /* FirstFlowSheetCoordinator */,
				6F9A47032C2F01C4009983A3 /* ScenesOutputs */,
			);
			path = FirstFlowCoordinator;
			sourceTree = "<group>";
		};
		6F9A47092C315C4B009983A3 /* ThirdFlowCoordinator */ = {
			isa = PBXGroup;
			children = (
				6F9A46FB2C2DE072009983A3 /* ThirdFlowCoordinator.swift */,
				6F79AF8D2C61DB5900C3A79F /* ThirdFlowCoordinatorAssembly.swift */,
				6F79AF952C61DC1D00C3A79F /* ScenesOutputs */,
			);
			path = ThirdFlowCoordinator;
			sourceTree = "<group>";
		};
		6F9A470A2C315C52009983A3 /* SecondFlowCoordinator */ = {
			isa = PBXGroup;
			children = (
				6F9A46F92C2DD86B009983A3 /* SecondFlowCoordinator.swift */,
				6F9A47302C37A120009983A3 /* SecondFlowCoordinatorAssembly.swift */,
				6F68C51D2C3C72E500219D8D /* SecondFlowSheetCoordinator */,
				6F68C5182C3C6C1400219D8D /* ScenesOutputs */,
			);
			path = SecondFlowCoordinator;
			sourceTree = "<group>";
		};
		6F9A470B2C315C61009983A3 /* AppCoordinator */ = {
			isa = PBXGroup;
			children = (
				6F9A47122C3166B1009983A3 /* MainContainer.swift */,
				6F9A46B62C2D27BA009983A3 /* PathManager.swift */,
				6F68C5842C4CFE5400219D8D /* NavigationManager.swift */,
				6F9A46EC2C2D30E1009983A3 /* AppCoordinator.swift */,
				6F68C5882C50224500219D8D /* AppCoordinatorAssembly.swift */,
				6F9A47262C33C9ED009983A3 /* TabBarManager.swift */,
				6F79AFA42C61F0C300C3A79F /* ThirdTabCoordinator */,
				6F79AF9D2C61F08C00C3A79F /* SecondTabCoordinator */,
				6F9A470E2C315C79009983A3 /* FirstTabCoordinator */,
			);
			path = AppCoordinator;
			sourceTree = "<group>";
		};
		6F9A470E2C315C79009983A3 /* FirstTabCoordinator */ = {
			isa = PBXGroup;
			children = (
				6F9A47042C2F01D2009983A3 /* FirstFlowCoordinator */,
				6F9A470A2C315C52009983A3 /* SecondFlowCoordinator */,
				6F9A47092C315C4B009983A3 /* ThirdFlowCoordinator */,
				6F9A470C2C315C73009983A3 /* FirstTabCoordinator.swift */,
				6F9A470F2C315CE7009983A3 /* FirstTabCoordinatorAssembly.swift */,
				6F9A47142C3166DE009983A3 /* FirstTabNavigationView.swift */,
				6F79AF962C61EA3B00C3A79F /* ScenesOutputs */,
			);
			path = FirstTabCoordinator;
			sourceTree = "<group>";
		};
		6F9A47112C315DCB009983A3 /* Scenes */ = {
			isa = PBXGroup;
			children = (
				6F9A46F32C2DD6F1009983A3 /* FirstTabView */,
				6F9A46BD2C2D2F3D009983A3 /* ViewDouble */,
				6F9A46C32C2D2F3D009983A3 /* ViewInt */,
				6F9A46C92C2D2F3D009983A3 /* ViewString */,
				6F9A472C2C35A690009983A3 /* PresentationScene.swift */,
				6F68C5292C49565800219D8D /* Sheets */,
				6F68C5622C4A5A7D00219D8D /* FullScreenCovers */,
				6F79AFA72C632EC900C3A79F /* SecondTabView */,
				6F79AFB52C63310700C3A79F /* ThirdTabView */,
			);
			path = Scenes;
			sourceTree = "<group>";
		};
		6F9A47192C33B8C5009983A3 /* DeeplinkCoordinator */ = {
			isa = PBXGroup;
			children = (
				6F9A47172C33B8A5009983A3 /* DeeplinkCoordinator.swift */,
				6F79AFD42C6B29D600C3A79F /* Deeplink.swift */,
				6F79AFDD2C6DC55200C3A79F /* IDeeplinkMapper.swift */,
				6F79AFC02C64853400C3A79F /* DeeplinkCoordinatorAssembly.swift */,
				6F9A47242C33C50C009983A3 /* FirstTabDeeplinkHandlersFactory.swift */,
				6F79AFD22C67650500C3A79F /* SecondTabDeeplinkHandlersAssembly.swift */,
				6F9A471C2C33B900009983A3 /* DeeplinkHandlers */,
			);
			path = DeeplinkCoordinator;
			sourceTree = "<group>";
		};
		6F9A471C2C33B900009983A3 /* DeeplinkHandlers */ = {
			isa = PBXGroup;
			children = (
				6F79AFD82C6B2A3000C3A79F /* ViewIntHandler */,
			);
			path = DeeplinkHandlers;
			sourceTree = "<group>";
		};
		6F9A47282C33CA39009983A3 /* MainView */ = {
			isa = PBXGroup;
			children = (
				6F9A46E72C2D2FA5009983A3 /* MainView.swift */,
			);
			path = MainView;
			sourceTree = "<group>";
		};
		6F9A47292C33CA49009983A3 /* Custom Views */ = {
			isa = PBXGroup;
			children = (
				6F9A46DB2C2D2F71009983A3 /* CustomNavigationBarContainerView */,
				6F9A46E02C2D2F71009983A3 /* TabBar */,
			);
			path = "Custom Views";
			sourceTree = "<group>";
		};
		6FE76B9F2C70CA3D0096541B /* ViewIntHandlerFactory_Tests */ = {
			isa = PBXGroup;
			children = (
				6F79AFE12C70BE3900C3A79F /* ViewIntHandlerFactory_Tests.swift */,
				6FE76BA02C70CA4B0096541B /* ViewIntDeeplinkMapperDummy.swift */,
				6FE76BA42C70CD020096541B /* FirstTabViewIntDeeplinkMapperMock.swift */,
				6FE76BA62C70CD180096541B /* SecondTabViewIntDeeplinkMapperMock.swift */,
				6FE76BA22C70CB4E0096541B /* ViewIntDeeplinkHandler_Tests.swift */,
			);
			path = ViewIntHandlerFactory_Tests;
			sourceTree = "<group>";
		};
/* End PBXGroup section */

/* Begin PBXNativeTarget section */
		6F2218392C5CA57C0012DCE2 /* NavigationStackCoordinator_Tests */ = {
			isa = PBXNativeTarget;
			buildConfigurationList = 6F2218422C5CA57C0012DCE2 /* Build configuration list for PBXNativeTarget "NavigationStackCoordinator_Tests" */;
			buildPhases = (
				6F2218362C5CA57C0012DCE2 /* Sources */,
				6F2218372C5CA57C0012DCE2 /* Frameworks */,
				6F2218382C5CA57C0012DCE2 /* Resources */,
			);
			buildRules = (
			);
			dependencies = (
				6F22183F2C5CA57C0012DCE2 /* PBXTargetDependency */,
			);
			name = NavigationStackCoordinator_Tests;
			productName = NavigationStackCoordinator_Tests;
			productReference = 6F22183A2C5CA57C0012DCE2 /* NavigationStackCoordinator_Tests.xctest */;
			productType = "com.apple.product-type.bundle.unit-test";
		};
		6F9A46A32C2D272E009983A3 /* NavigationStackCoordinator */ = {
			isa = PBXNativeTarget;
			buildConfigurationList = 6F9A46B32C2D272F009983A3 /* Build configuration list for PBXNativeTarget "NavigationStackCoordinator" */;
			buildPhases = (
				6F9A46A02C2D272E009983A3 /* Sources */,
				6F9A46A12C2D272E009983A3 /* Frameworks */,
				6F9A46A22C2D272E009983A3 /* Resources */,
			);
			buildRules = (
			);
			dependencies = (
			);
			name = NavigationStackCoordinator;
			productName = NavigationStackCoordinator;
			productReference = 6F9A46A42C2D272E009983A3 /* NavigationStackCoordinator.app */;
			productType = "com.apple.product-type.application";
		};
/* End PBXNativeTarget section */

/* Begin PBXProject section */
		6F9A469C2C2D272E009983A3 /* Project object */ = {
			isa = PBXProject;
			attributes = {
				BuildIndependentTargetsInParallel = 1;
				LastSwiftUpdateCheck = 1540;
				LastUpgradeCheck = 1540;
				TargetAttributes = {
					6F2218392C5CA57C0012DCE2 = {
						CreatedOnToolsVersion = 15.4;
						TestTargetID = 6F9A46A32C2D272E009983A3;
					};
					6F9A46A32C2D272E009983A3 = {
						CreatedOnToolsVersion = 15.4;
					};
				};
			};
			buildConfigurationList = 6F9A469F2C2D272E009983A3 /* Build configuration list for PBXProject "NavigationStackCoordinator" */;
			compatibilityVersion = "Xcode 14.0";
			developmentRegion = en;
			hasScannedForEncodings = 0;
			knownRegions = (
				en,
				Base,
			);
			mainGroup = 6F9A469B2C2D272E009983A3;
			productRefGroup = 6F9A46A52C2D272E009983A3 /* Products */;
			projectDirPath = "";
			projectRoot = "";
			targets = (
				6F9A46A32C2D272E009983A3 /* NavigationStackCoordinator */,
				6F2218392C5CA57C0012DCE2 /* NavigationStackCoordinator_Tests */,
			);
		};
/* End PBXProject section */

/* Begin PBXResourcesBuildPhase section */
		6F2218382C5CA57C0012DCE2 /* Resources */ = {
			isa = PBXResourcesBuildPhase;
			buildActionMask = 2147483647;
			files = (
			);
			runOnlyForDeploymentPostprocessing = 0;
		};
		6F9A46A22C2D272E009983A3 /* Resources */ = {
			isa = PBXResourcesBuildPhase;
			buildActionMask = 2147483647;
			files = (
				6F9A46B02C2D272F009983A3 /* Preview Assets.xcassets in Resources */,
				6F9A46AC2C2D272F009983A3 /* Assets.xcassets in Resources */,
				6FF9455B2C8470E100FB1DF1 /* UMLDiagram.md in Resources */,
			);
			runOnlyForDeploymentPostprocessing = 0;
		};
/* End PBXResourcesBuildPhase section */

/* Begin PBXSourcesBuildPhase section */
		6F2218362C5CA57C0012DCE2 /* Sources */ = {
			isa = PBXSourcesBuildPhase;
			buildActionMask = 2147483647;
			files = (
				6F22185A2C5FD8080012DCE2 /* NavigationManagerSpy.swift in Sources */,
				6F2218622C5FDCE40012DCE2 /* FirstTabCoordinatorStub.swift in Sources */,
				6FE76BA52C70CD020096541B /* FirstTabViewIntDeeplinkMapperMock.swift in Sources */,
				6F2218442C5CA75D0012DCE2 /* AppCoordinator_Tests.swift in Sources */,
				6FE76BA72C70CD180096541B /* SecondTabViewIntDeeplinkMapperMock.swift in Sources */,
				6F2218462C5CAAA80012DCE2 /* FirstTabCoordinator_Tests.swift in Sources */,
				6F22185E2C5FD8260012DCE2 /* FirstTabCoordinatorAssemblyStub.swift in Sources */,
				6F79AFE22C70BE3900C3A79F /* ViewIntHandlerFactory_Tests.swift in Sources */,
				6F2218652C5FE5B30012DCE2 /* FirstFlowCoordinator_Tests.swift in Sources */,
				6FE76BA32C70CB4E0096541B /* ViewIntDeeplinkHandler_Tests.swift in Sources */,
				6FE76BA12C70CA4B0096541B /* ViewIntDeeplinkMapperDummy.swift in Sources */,
				6F2218602C5FDC730012DCE2 /* FirstTabCoordinatorAssembly_Tests.swift in Sources */,
				6F22185C2C5FD8160012DCE2 /* TabBarManagerSpy.swift in Sources */,
			);
			runOnlyForDeploymentPostprocessing = 0;
		};
		6F9A46A02C2D272E009983A3 /* Sources */ = {
			isa = PBXSourcesBuildPhase;
			buildActionMask = 2147483647;
			files = (
				6F79AFB92C63313700C3A79F /* ThirdTabViewInteractor.swift in Sources */,
				6F79AF922C61DBEB00C3A79F /* ThirdFlowViewDoubleOutput.swift in Sources */,
				6F68C56D2C4A5F1200219D8D /* FirstFlowFullScreenCoverCoordinator.swift in Sources */,
				6F9A46E82C2D2FA5009983A3 /* MainView.swift in Sources */,
				6F9A46CD2C2D2F3D009983A3 /* ViewDoubleInteractor.swift in Sources */,
				6F9A46B72C2D27BA009983A3 /* PathManager.swift in Sources */,
				6F68C5872C4E224E00219D8D /* FirstTabOutput.swift in Sources */,
				6F9A46E22C2D2F71009983A3 /* CustomNavigationBarView.swift in Sources */,
				6F68C5722C4A677500219D8D /* View+FullScreenCover.swift in Sources */,
				6F79AF902C61DBD500C3A79F /* ThirdFlowViewIntOutput.swift in Sources */,
				6F68C5742C4A768400219D8D /* View+FirstAppear.swift in Sources */,
				6F9A46EA2C2D302D009983A3 /* FirstFlowCoordinator.swift in Sources */,
				6F68C5612C4A5A6700219D8D /* Loader.swift in Sources */,
				6F68C51A2C3C72C300219D8D /* SecondFlowSheetCoordinator.swift in Sources */,
				6F68C53D2C496FFA00219D8D /* SecondSheetModel.swift in Sources */,
				6F68C5132C3C6BD900219D8D /* SecondFlowViewIntOutput.swift in Sources */,
				6F79AF942C61DC0600C3A79F /* ThirdFlowViewStringOutput.swift in Sources */,
				6F9A471E2C33BE61009983A3 /* ViewIntHandler.swift in Sources */,
				6F9A46FE2C2F00DE009983A3 /* FirstFlowViewIntOutput.swift in Sources */,
				6F9A46ED2C2D30E1009983A3 /* AppCoordinator.swift in Sources */,
				6F68C5052C3BAEFC00219D8D /* View+Sheet.swift in Sources */,
				6F68C5852C4CFE5400219D8D /* NavigationManager.swift in Sources */,
				6F79AFA62C632EBE00C3A79F /* SecondTabView.swift in Sources */,
				6F9A46CA2C2D2F3D009983A3 /* IViewDoubleOutput.swift in Sources */,
				6F9A472B2C359BEB009983A3 /* ViewIntPresenter.swift in Sources */,
				6F79AFAF2C632F0500C3A79F /* ISecondTabViewOutput.swift in Sources */,
				6F9A46F82C2DD6F1009983A3 /* IFirstTabViewOutput.swift in Sources */,
				6F9A46D42C2D2F3D009983A3 /* IViewStringOutput.swift in Sources */,
				6F9A46D62C2D2F3D009983A3 /* ViewStringAssembly.swift in Sources */,
				6F9A46E52C2D2F71009983A3 /* TabItem.swift in Sources */,
				6F9A47102C315CE7009983A3 /* FirstTabCoordinatorAssembly.swift in Sources */,
				6F9A46D52C2D2F3D009983A3 /* ViewString.swift in Sources */,
				6F9A46E32C2D2F71009983A3 /* TabBarItemView.swift in Sources */,
				6F68C56F2C4A5F1C00219D8D /* FirstFlowFullScreenCoverAssembly.swift in Sources */,
				6F9A46E12C2D2F71009983A3 /* CustomNavigationBarContainerView.swift in Sources */,
				6F9A46FC2C2DE072009983A3 /* ThirdFlowCoordinator.swift in Sources */,
				6F68C52F2C4956C000219D8D /* FirstSheetInteractor.swift in Sources */,
				6F9A46FA2C2DD86B009983A3 /* SecondFlowCoordinator.swift in Sources */,
				6F9A46E62C2D2F71009983A3 /* TabItemPreferenceKey.swift in Sources */,
				6F68C5262C49562500219D8D /* FirstSheet.swift in Sources */,
				6F68C5662C4A5ADA00219D8D /* LoaderInteractor.swift in Sources */,
				6F68C5312C4956CE00219D8D /* FirstSheetModel.swift in Sources */,
				6F9A47132C3166B1009983A3 /* MainContainer.swift in Sources */,
				6F9A47312C37A120009983A3 /* SecondFlowCoordinatorAssembly.swift in Sources */,
				6F79AFBB2C63314A00C3A79F /* ThirdTabViewModel.swift in Sources */,
				6F79AFB42C6330FF00C3A79F /* ThirdTabView.swift in Sources */,
				6F9A47272C33C9ED009983A3 /* TabBarManager.swift in Sources */,
				6F68C5392C496FE100219D8D /* SecondSheetPresenter.swift in Sources */,
				6F9A46D02C2D2F3D009983A3 /* ViewInt.swift in Sources */,
				6F68C52D2C4956B100219D8D /* FirstSheetPresenter.swift in Sources */,
				6F9A46CB2C2D2F3D009983A3 /* ViewDouble.swift in Sources */,
				6F9A46F42C2DD6F1009983A3 /* FirstTabView.swift in Sources */,
				6F79AFAD2C632EF800C3A79F /* SecondTabViewModel.swift in Sources */,
				6F9A47182C33B8A5009983A3 /* DeeplinkCoordinator.swift in Sources */,
				6F79AFAB2C632EED00C3A79F /* SecondTabViewInteractor.swift in Sources */,
				6F68C56A2C4A5AF400219D8D /* LoaderAssembly.swift in Sources */,
				6F68C5022C3BAE3F00219D8D /* Binding+AnyHashable.swift in Sources */,
				6F9A470D2C315C73009983A3 /* FirstTabCoordinator.swift in Sources */,
				6F9A46E42C2D2F71009983A3 /* TabBarView.swift in Sources */,
				6F9A46F62C2DD6F1009983A3 /* FirstTabViewInteractor.swift in Sources */,
				6F79AFB72C63312500C3A79F /* ThirdTabViewAssembly.swift in Sources */,
				6F79AFD72C6B2A2600C3A79F /* ViewIntHandlerFactory.swift in Sources */,
				6F79AFD32C67650500C3A79F /* SecondTabDeeplinkHandlersAssembly.swift in Sources */,
				6F9A46A82C2D272E009983A3 /* NavigationStackCoordinatorApp.swift in Sources */,
				6F9A46D32C2D2F3D009983A3 /* ViewIntModel.swift in Sources */,
				6F9A46CF2C2D2F3D009983A3 /* IViewIntOutput.swift in Sources */,
				6F79AF8E2C61DB5900C3A79F /* ThirdFlowCoordinatorAssembly.swift in Sources */,
				6F79AF982C61F05200C3A79F /* SecondTabCoordinator.swift in Sources */,
				6F9A46D72C2D2F3D009983A3 /* ViewStringInteractor.swift in Sources */,
				6F9A46D12C2D2F3D009983A3 /* ViewIntAssembly.swift in Sources */,
				6F9A47152C3166DE009983A3 /* FirstTabNavigationView.swift in Sources */,
				6F79AFDA2C6B2A7300C3A79F /* ViewIntDeeplinkMapper.swift in Sources */,
				6F9A47022C2F0125009983A3 /* FirstFlowViewStringOutput.swift in Sources */,
				6F68C5072C3BB07E00219D8D /* FirstFlowSheetCoordinatorAssembly.swift in Sources */,
				6F79AFDE2C6DC55200C3A79F /* IDeeplinkMapper.swift in Sources */,
				6F79AFA92C632EDB00C3A79F /* SecondTabViewAssembly.swift in Sources */,
				6F9A46CC2C2D2F3D009983A3 /* ViewDoubleAssembly.swift in Sources */,
				6F68C5152C3C6BF800219D8D /* SecondFlowViewDoubleOutput.swift in Sources */,
				6F68C53F2C49700E00219D8D /* SecondSheetAssembly.swift in Sources */,
				6F79AFC12C64853400C3A79F /* DeeplinkCoordinatorAssembly.swift in Sources */,
				6F68C5812C4CF3B500219D8D /* PublishedObject.swift in Sources */,
				6F68C51C2C3C72DC00219D8D /* SecondFlowSheetCoordinatorAssembly.swift in Sources */,
				6F68C5682C4A5AEA00219D8D /* LoaderModel.swift in Sources */,
				6F9A47002C2F0117009983A3 /* FirstFlowViewDoubleOutput.swift in Sources */,
				6F9A47082C2F031B009983A3 /* FirstFlowCoordinatorAssembly.swift in Sources */,
				6F68C53B2C496FED00219D8D /* SecondSheetInteractor.swift in Sources */,
				6F79AFA12C61F0AB00C3A79F /* ThirdTabCoordinatorAssembly.swift in Sources */,
				6F68C5172C3C6C0E00219D8D /* SecondFlowViewStringOutput.swift in Sources */,
				6F9A46F72C2DD6F1009983A3 /* FirstTabViewModel.swift in Sources */,
				6F79AF9F2C61F09C00C3A79F /* ThirdTabCoordinator.swift in Sources */,
				6F79AFBD2C63316800C3A79F /* IThirdTabViewOutput.swift in Sources */,
				6F9A46CE2C2D2F3D009983A3 /* ViewDoubleModel.swift in Sources */,
				6F9A47252C33C50C009983A3 /* FirstTabDeeplinkHandlersFactory.swift in Sources */,
				6F9A472D2C35A690009983A3 /* PresentationScene.swift in Sources */,
				6F79AFA32C61F0BA00C3A79F /* ThirdTabCoordinatorView.swift in Sources */,
				6F79AF9A2C61F05F00C3A79F /* SecondTabCoordinatorAssembly.swift in Sources */,
				6F68C5332C4956DA00219D8D /* FirstSheetAssembly.swift in Sources */,
				6F9A46D22C2D2F3D009983A3 /* ViewIntInteractor.swift in Sources */,
				6F79AFBF2C6334CA00C3A79F /* ThirdTabOutput.swift in Sources */,
				6F79AFD52C6B29D600C3A79F /* Deeplink.swift in Sources */,
				6F9A46D82C2D2F3D009983A3 /* ViewStringModel.swift in Sources */,
				6F68C5282C49562F00219D8D /* SecondSheet.swift in Sources */,
				6F79AF9C2C61F08200C3A79F /* SecondTabNavigationView.swift in Sources */,
				6F9A46F52C2DD6F1009983A3 /* FirstTabViewAssembly.swift in Sources */,
				6F68C5642C4A5ACC00219D8D /* LoaderPresenter.swift in Sources */,
				6F68C5092C3BB09F00219D8D /* FirstFlowSheetCoordinator.swift in Sources */,
				6F68C5892C50224500219D8D /* AppCoordinatorAssembly.swift in Sources */,
				6F79AFB12C63309E00C3A79F /* SecondTabOutput.swift in Sources */,
			);
			runOnlyForDeploymentPostprocessing = 0;
		};
/* End PBXSourcesBuildPhase section */

/* Begin PBXTargetDependency section */
		6F22183F2C5CA57C0012DCE2 /* PBXTargetDependency */ = {
			isa = PBXTargetDependency;
			target = 6F9A46A32C2D272E009983A3 /* NavigationStackCoordinator */;
			targetProxy = 6F22183E2C5CA57C0012DCE2 /* PBXContainerItemProxy */;
		};
/* End PBXTargetDependency section */

/* Begin XCBuildConfiguration section */
		6F2218402C5CA57C0012DCE2 /* Debug */ = {
			isa = XCBuildConfiguration;
			buildSettings = {
				BUNDLE_LOADER = "$(TEST_HOST)";
				CODE_SIGN_STYLE = Automatic;
				CURRENT_PROJECT_VERSION = 1;
				DEVELOPMENT_TEAM = D76F2D5568;
				GENERATE_INFOPLIST_FILE = YES;
				IPHONEOS_DEPLOYMENT_TARGET = 17.5;
				MARKETING_VERSION = 1.0;
				PRODUCT_BUNDLE_IDENTIFIER = "IB.NavigationStackCoordinator-Tests";
				PRODUCT_NAME = "$(TARGET_NAME)";
				SDKROOT = iphoneos;
				SWIFT_EMIT_LOC_STRINGS = NO;
				SWIFT_VERSION = 5.0;
				TARGETED_DEVICE_FAMILY = "1,2";
				TEST_HOST = "$(BUILT_PRODUCTS_DIR)/NavigationStackCoordinator.app/$(BUNDLE_EXECUTABLE_FOLDER_PATH)/NavigationStackCoordinator";
			};
			name = Debug;
		};
		6F2218412C5CA57C0012DCE2 /* Release */ = {
			isa = XCBuildConfiguration;
			buildSettings = {
				BUNDLE_LOADER = "$(TEST_HOST)";
				CODE_SIGN_STYLE = Automatic;
				CURRENT_PROJECT_VERSION = 1;
				DEVELOPMENT_TEAM = D76F2D5568;
				GENERATE_INFOPLIST_FILE = YES;
				IPHONEOS_DEPLOYMENT_TARGET = 17.5;
				MARKETING_VERSION = 1.0;
				PRODUCT_BUNDLE_IDENTIFIER = "IB.NavigationStackCoordinator-Tests";
				PRODUCT_NAME = "$(TARGET_NAME)";
				SDKROOT = iphoneos;
				SWIFT_EMIT_LOC_STRINGS = NO;
				SWIFT_VERSION = 5.0;
				TARGETED_DEVICE_FAMILY = "1,2";
				TEST_HOST = "$(BUILT_PRODUCTS_DIR)/NavigationStackCoordinator.app/$(BUNDLE_EXECUTABLE_FOLDER_PATH)/NavigationStackCoordinator";
				VALIDATE_PRODUCT = YES;
			};
			name = Release;
		};
		6F9A46B12C2D272F009983A3 /* Debug */ = {
			isa = XCBuildConfiguration;
			buildSettings = {
				ALWAYS_SEARCH_USER_PATHS = NO;
				ASSETCATALOG_COMPILER_GENERATE_SWIFT_ASSET_SYMBOL_EXTENSIONS = YES;
				CLANG_ANALYZER_NONNULL = YES;
				CLANG_ANALYZER_NUMBER_OBJECT_CONVERSION = YES_AGGRESSIVE;
				CLANG_CXX_LANGUAGE_STANDARD = "gnu++20";
				CLANG_ENABLE_MODULES = YES;
				CLANG_ENABLE_OBJC_ARC = YES;
				CLANG_ENABLE_OBJC_WEAK = YES;
				CLANG_WARN_BLOCK_CAPTURE_AUTORELEASING = YES;
				CLANG_WARN_BOOL_CONVERSION = YES;
				CLANG_WARN_COMMA = YES;
				CLANG_WARN_CONSTANT_CONVERSION = YES;
				CLANG_WARN_DEPRECATED_OBJC_IMPLEMENTATIONS = YES;
				CLANG_WARN_DIRECT_OBJC_ISA_USAGE = YES_ERROR;
				CLANG_WARN_DOCUMENTATION_COMMENTS = YES;
				CLANG_WARN_EMPTY_BODY = YES;
				CLANG_WARN_ENUM_CONVERSION = YES;
				CLANG_WARN_INFINITE_RECURSION = YES;
				CLANG_WARN_INT_CONVERSION = YES;
				CLANG_WARN_NON_LITERAL_NULL_CONVERSION = YES;
				CLANG_WARN_OBJC_IMPLICIT_RETAIN_SELF = YES;
				CLANG_WARN_OBJC_LITERAL_CONVERSION = YES;
				CLANG_WARN_OBJC_ROOT_CLASS = YES_ERROR;
				CLANG_WARN_QUOTED_INCLUDE_IN_FRAMEWORK_HEADER = YES;
				CLANG_WARN_RANGE_LOOP_ANALYSIS = YES;
				CLANG_WARN_STRICT_PROTOTYPES = YES;
				CLANG_WARN_SUSPICIOUS_MOVE = YES;
				CLANG_WARN_UNGUARDED_AVAILABILITY = YES_AGGRESSIVE;
				CLANG_WARN_UNREACHABLE_CODE = YES;
				CLANG_WARN__DUPLICATE_METHOD_MATCH = YES;
				COPY_PHASE_STRIP = NO;
				DEBUG_INFORMATION_FORMAT = dwarf;
				ENABLE_STRICT_OBJC_MSGSEND = YES;
				ENABLE_TESTABILITY = YES;
				ENABLE_USER_SCRIPT_SANDBOXING = YES;
				GCC_C_LANGUAGE_STANDARD = gnu17;
				GCC_DYNAMIC_NO_PIC = NO;
				GCC_NO_COMMON_BLOCKS = YES;
				GCC_OPTIMIZATION_LEVEL = 0;
				GCC_PREPROCESSOR_DEFINITIONS = (
					"DEBUG=1",
					"$(inherited)",
				);
				GCC_WARN_64_TO_32_BIT_CONVERSION = YES;
				GCC_WARN_ABOUT_RETURN_TYPE = YES_ERROR;
				GCC_WARN_UNDECLARED_SELECTOR = YES;
				GCC_WARN_UNINITIALIZED_AUTOS = YES_AGGRESSIVE;
				GCC_WARN_UNUSED_FUNCTION = YES;
				GCC_WARN_UNUSED_VARIABLE = YES;
				LOCALIZATION_PREFERS_STRING_CATALOGS = YES;
				MTL_ENABLE_DEBUG_INFO = INCLUDE_SOURCE;
				MTL_FAST_MATH = YES;
				ONLY_ACTIVE_ARCH = YES;
				SWIFT_ACTIVE_COMPILATION_CONDITIONS = "DEBUG $(inherited)";
				SWIFT_OPTIMIZATION_LEVEL = "-Onone";
			};
			name = Debug;
		};
		6F9A46B22C2D272F009983A3 /* Release */ = {
			isa = XCBuildConfiguration;
			buildSettings = {
				ALWAYS_SEARCH_USER_PATHS = NO;
				ASSETCATALOG_COMPILER_GENERATE_SWIFT_ASSET_SYMBOL_EXTENSIONS = YES;
				CLANG_ANALYZER_NONNULL = YES;
				CLANG_ANALYZER_NUMBER_OBJECT_CONVERSION = YES_AGGRESSIVE;
				CLANG_CXX_LANGUAGE_STANDARD = "gnu++20";
				CLANG_ENABLE_MODULES = YES;
				CLANG_ENABLE_OBJC_ARC = YES;
				CLANG_ENABLE_OBJC_WEAK = YES;
				CLANG_WARN_BLOCK_CAPTURE_AUTORELEASING = YES;
				CLANG_WARN_BOOL_CONVERSION = YES;
				CLANG_WARN_COMMA = YES;
				CLANG_WARN_CONSTANT_CONVERSION = YES;
				CLANG_WARN_DEPRECATED_OBJC_IMPLEMENTATIONS = YES;
				CLANG_WARN_DIRECT_OBJC_ISA_USAGE = YES_ERROR;
				CLANG_WARN_DOCUMENTATION_COMMENTS = YES;
				CLANG_WARN_EMPTY_BODY = YES;
				CLANG_WARN_ENUM_CONVERSION = YES;
				CLANG_WARN_INFINITE_RECURSION = YES;
				CLANG_WARN_INT_CONVERSION = YES;
				CLANG_WARN_NON_LITERAL_NULL_CONVERSION = YES;
				CLANG_WARN_OBJC_IMPLICIT_RETAIN_SELF = YES;
				CLANG_WARN_OBJC_LITERAL_CONVERSION = YES;
				CLANG_WARN_OBJC_ROOT_CLASS = YES_ERROR;
				CLANG_WARN_QUOTED_INCLUDE_IN_FRAMEWORK_HEADER = YES;
				CLANG_WARN_RANGE_LOOP_ANALYSIS = YES;
				CLANG_WARN_STRICT_PROTOTYPES = YES;
				CLANG_WARN_SUSPICIOUS_MOVE = YES;
				CLANG_WARN_UNGUARDED_AVAILABILITY = YES_AGGRESSIVE;
				CLANG_WARN_UNREACHABLE_CODE = YES;
				CLANG_WARN__DUPLICATE_METHOD_MATCH = YES;
				COPY_PHASE_STRIP = NO;
				DEBUG_INFORMATION_FORMAT = "dwarf-with-dsym";
				ENABLE_NS_ASSERTIONS = NO;
				ENABLE_STRICT_OBJC_MSGSEND = YES;
				ENABLE_USER_SCRIPT_SANDBOXING = YES;
				GCC_C_LANGUAGE_STANDARD = gnu17;
				GCC_NO_COMMON_BLOCKS = YES;
				GCC_WARN_64_TO_32_BIT_CONVERSION = YES;
				GCC_WARN_ABOUT_RETURN_TYPE = YES_ERROR;
				GCC_WARN_UNDECLARED_SELECTOR = YES;
				GCC_WARN_UNINITIALIZED_AUTOS = YES_AGGRESSIVE;
				GCC_WARN_UNUSED_FUNCTION = YES;
				GCC_WARN_UNUSED_VARIABLE = YES;
				LOCALIZATION_PREFERS_STRING_CATALOGS = YES;
				MTL_ENABLE_DEBUG_INFO = NO;
				MTL_FAST_MATH = YES;
				SWIFT_COMPILATION_MODE = wholemodule;
			};
			name = Release;
		};
		6F9A46B42C2D272F009983A3 /* Debug */ = {
			isa = XCBuildConfiguration;
			buildSettings = {
				ASSETCATALOG_COMPILER_APPICON_NAME = AppIcon;
				ASSETCATALOG_COMPILER_GLOBAL_ACCENT_COLOR_NAME = AccentColor;
				CODE_SIGN_ENTITLEMENTS = NavigationStackCoordinator/NavigationStackCoordinator.entitlements;
				CODE_SIGN_STYLE = Automatic;
				CURRENT_PROJECT_VERSION = 1;
				DEVELOPMENT_ASSET_PATHS = "\"NavigationStackCoordinator/Preview Content\"";
				DEVELOPMENT_TEAM = D76F2D5568;
				ENABLE_HARDENED_RUNTIME = YES;
				ENABLE_PREVIEWS = YES;
				GENERATE_INFOPLIST_FILE = YES;
				INFOPLIST_FILE = NavigationStackCoordinator/Info.plist;
				"INFOPLIST_KEY_UIApplicationSceneManifest_Generation[sdk=iphoneos*]" = YES;
				"INFOPLIST_KEY_UIApplicationSceneManifest_Generation[sdk=iphonesimulator*]" = YES;
				"INFOPLIST_KEY_UIApplicationSupportsIndirectInputEvents[sdk=iphoneos*]" = YES;
				"INFOPLIST_KEY_UIApplicationSupportsIndirectInputEvents[sdk=iphonesimulator*]" = YES;
				"INFOPLIST_KEY_UILaunchScreen_Generation[sdk=iphoneos*]" = YES;
				"INFOPLIST_KEY_UILaunchScreen_Generation[sdk=iphonesimulator*]" = YES;
				"INFOPLIST_KEY_UIStatusBarStyle[sdk=iphoneos*]" = UIStatusBarStyleDefault;
				"INFOPLIST_KEY_UIStatusBarStyle[sdk=iphonesimulator*]" = UIStatusBarStyleDefault;
				INFOPLIST_KEY_UISupportedInterfaceOrientations_iPad = "UIInterfaceOrientationPortrait UIInterfaceOrientationPortraitUpsideDown UIInterfaceOrientationLandscapeLeft UIInterfaceOrientationLandscapeRight";
				INFOPLIST_KEY_UISupportedInterfaceOrientations_iPhone = "UIInterfaceOrientationPortrait UIInterfaceOrientationLandscapeLeft UIInterfaceOrientationLandscapeRight";
				IPHONEOS_DEPLOYMENT_TARGET = 17.5;
				LD_RUNPATH_SEARCH_PATHS = "@executable_path/Frameworks";
				"LD_RUNPATH_SEARCH_PATHS[sdk=macosx*]" = "@executable_path/../Frameworks";
				MACOSX_DEPLOYMENT_TARGET = 14.2;
				MARKETING_VERSION = 1.0;
				PRODUCT_BUNDLE_IDENTIFIER = IB.NavigationStackCoordinator;
				PRODUCT_NAME = "$(TARGET_NAME)";
				SDKROOT = auto;
				SUPPORTED_PLATFORMS = "iphoneos iphonesimulator macosx";
				SWIFT_EMIT_LOC_STRINGS = YES;
				SWIFT_VERSION = 5.0;
				TARGETED_DEVICE_FAMILY = "1,2";
			};
			name = Debug;
		};
		6F9A46B52C2D272F009983A3 /* Release */ = {
			isa = XCBuildConfiguration;
			buildSettings = {
				ASSETCATALOG_COMPILER_APPICON_NAME = AppIcon;
				ASSETCATALOG_COMPILER_GLOBAL_ACCENT_COLOR_NAME = AccentColor;
				CODE_SIGN_ENTITLEMENTS = NavigationStackCoordinator/NavigationStackCoordinator.entitlements;
				CODE_SIGN_STYLE = Automatic;
				CURRENT_PROJECT_VERSION = 1;
				DEVELOPMENT_ASSET_PATHS = "\"NavigationStackCoordinator/Preview Content\"";
				DEVELOPMENT_TEAM = D76F2D5568;
				ENABLE_HARDENED_RUNTIME = YES;
				ENABLE_PREVIEWS = YES;
				GENERATE_INFOPLIST_FILE = YES;
				INFOPLIST_FILE = NavigationStackCoordinator/Info.plist;
				"INFOPLIST_KEY_UIApplicationSceneManifest_Generation[sdk=iphoneos*]" = YES;
				"INFOPLIST_KEY_UIApplicationSceneManifest_Generation[sdk=iphonesimulator*]" = YES;
				"INFOPLIST_KEY_UIApplicationSupportsIndirectInputEvents[sdk=iphoneos*]" = YES;
				"INFOPLIST_KEY_UIApplicationSupportsIndirectInputEvents[sdk=iphonesimulator*]" = YES;
				"INFOPLIST_KEY_UILaunchScreen_Generation[sdk=iphoneos*]" = YES;
				"INFOPLIST_KEY_UILaunchScreen_Generation[sdk=iphonesimulator*]" = YES;
				"INFOPLIST_KEY_UIStatusBarStyle[sdk=iphoneos*]" = UIStatusBarStyleDefault;
				"INFOPLIST_KEY_UIStatusBarStyle[sdk=iphonesimulator*]" = UIStatusBarStyleDefault;
				INFOPLIST_KEY_UISupportedInterfaceOrientations_iPad = "UIInterfaceOrientationPortrait UIInterfaceOrientationPortraitUpsideDown UIInterfaceOrientationLandscapeLeft UIInterfaceOrientationLandscapeRight";
				INFOPLIST_KEY_UISupportedInterfaceOrientations_iPhone = "UIInterfaceOrientationPortrait UIInterfaceOrientationLandscapeLeft UIInterfaceOrientationLandscapeRight";
				IPHONEOS_DEPLOYMENT_TARGET = 17.5;
				LD_RUNPATH_SEARCH_PATHS = "@executable_path/Frameworks";
				"LD_RUNPATH_SEARCH_PATHS[sdk=macosx*]" = "@executable_path/../Frameworks";
				MACOSX_DEPLOYMENT_TARGET = 14.2;
				MARKETING_VERSION = 1.0;
				PRODUCT_BUNDLE_IDENTIFIER = IB.NavigationStackCoordinator;
				PRODUCT_NAME = "$(TARGET_NAME)";
				SDKROOT = auto;
				SUPPORTED_PLATFORMS = "iphoneos iphonesimulator macosx";
				SWIFT_EMIT_LOC_STRINGS = YES;
				SWIFT_VERSION = 5.0;
				TARGETED_DEVICE_FAMILY = "1,2";
			};
			name = Release;
		};
/* End XCBuildConfiguration section */

/* Begin XCConfigurationList section */
		6F2218422C5CA57C0012DCE2 /* Build configuration list for PBXNativeTarget "NavigationStackCoordinator_Tests" */ = {
			isa = XCConfigurationList;
			buildConfigurations = (
				6F2218402C5CA57C0012DCE2 /* Debug */,
				6F2218412C5CA57C0012DCE2 /* Release */,
			);
			defaultConfigurationIsVisible = 0;
			defaultConfigurationName = Release;
		};
		6F9A469F2C2D272E009983A3 /* Build configuration list for PBXProject "NavigationStackCoordinator" */ = {
			isa = XCConfigurationList;
			buildConfigurations = (
				6F9A46B12C2D272F009983A3 /* Debug */,
				6F9A46B22C2D272F009983A3 /* Release */,
			);
			defaultConfigurationIsVisible = 0;
			defaultConfigurationName = Release;
		};
		6F9A46B32C2D272F009983A3 /* Build configuration list for PBXNativeTarget "NavigationStackCoordinator" */ = {
			isa = XCConfigurationList;
			buildConfigurations = (
				6F9A46B42C2D272F009983A3 /* Debug */,
				6F9A46B52C2D272F009983A3 /* Release */,
			);
			defaultConfigurationIsVisible = 0;
			defaultConfigurationName = Release;
		};
/* End XCConfigurationList section */
	};
	rootObject = 6F9A469C2C2D272E009983A3 /* Project object */;
}
